// !$*UTF8*$!
{
	archiveVersion = 1;
	classes = {
	};
	objectVersion = 46;
	objects = {

/* Begin PBXBuildFile section */
		04B7B55515196508003FB57F /* unit.png in Resources */ = {isa = PBXBuildFile; fileRef = 04B7B55415196508003FB57F /* unit.png */; };
		04B7B55F151974A4003FB57F /* SheetView.m in Sources */ = {isa = PBXBuildFile; fileRef = 04B7B55E151974A2003FB57F /* SheetView.m */; };
		04B9D1E2151DD5670005229A /* StoreSheetView.m in Sources */ = {isa = PBXBuildFile; fileRef = 04B9D1E1151DD5670005229A /* StoreSheetView.m */; };
		04B9D1EC151E0B1C0005229A /* BrandDetailSheetView.m in Sources */ = {isa = PBXBuildFile; fileRef = 04B9D1EB151E0B1C0005229A /* BrandDetailSheetView.m */; };
		04B9D1EF151E87550005229A /* RankSheetView.m in Sources */ = {isa = PBXBuildFile; fileRef = 04B9D1EE151E87540005229A /* RankSheetView.m */; };
		04B9D1F5151E99C50005229A /* FirstSheetView.m in Sources */ = {isa = PBXBuildFile; fileRef = 04B9D1F4151E99C50005229A /* FirstSheetView.m */; };
		140E750E1515DE070020D692 /* TrendViewController.m in Sources */ = {isa = PBXBuildFile; fileRef = 140E750C1515DE070020D692 /* TrendViewController.m */; };
		140E750F1515DE070020D692 /* TrendViewController.xib in Resources */ = {isa = PBXBuildFile; fileRef = 140E750D1515DE070020D692 /* TrendViewController.xib */; };
		140E75611515DE370020D692 /* libCorePlot-CocoaTouch.a in Frameworks */ = {isa = PBXBuildFile; fileRef = 140E75601515DE370020D692 /* libCorePlot-CocoaTouch.a */; };
		140E757C1515DF580020D692 /* BrandAnalysisData.m in Sources */ = {isa = PBXBuildFile; fileRef = 140E75751515DF580020D692 /* BrandAnalysisData.m */; };
		140E757D1515DF580020D692 /* BrandAnalysisDetailData.m in Sources */ = {isa = PBXBuildFile; fileRef = 140E75771515DF580020D692 /* BrandAnalysisDetailData.m */; };
		140E757E1515DF580020D692 /* IpvaSheetData.m in Sources */ = {isa = PBXBuildFile; fileRef = 140E75791515DF580020D692 /* IpvaSheetData.m */; };
		140E757F1515DF580020D692 /* LeadingStoreData.m in Sources */ = {isa = PBXBuildFile; fileRef = 140E757B1515DF580020D692 /* LeadingStoreData.m */; };
		140E75881515E16F0020D692 /* BrandViewController.m in Sources */ = {isa = PBXBuildFile; fileRef = 140E75861515E16F0020D692 /* BrandViewController.m */; };
		140E75891515E16F0020D692 /* BrandViewController.xib in Resources */ = {isa = PBXBuildFile; fileRef = 140E75871515E16F0020D692 /* BrandViewController.xib */; };
		140E759A1515E1D10020D692 /* BrandAnalysisDetail.m in Sources */ = {isa = PBXBuildFile; fileRef = 140E758C1515E1D10020D692 /* BrandAnalysisDetail.m */; };
		140E759B1515E1D10020D692 /* BrandAnalysisDetail.xib in Resources */ = {isa = PBXBuildFile; fileRef = 140E758D1515E1D10020D692 /* BrandAnalysisDetail.xib */; };
		140E75A71515E2FE0020D692 /* StoreViewController.m in Sources */ = {isa = PBXBuildFile; fileRef = 140E75A51515E2FE0020D692 /* StoreViewController.m */; };
		140E75A81515E2FE0020D692 /* StoreViewController.xib in Resources */ = {isa = PBXBuildFile; fileRef = 140E75A61515E2FE0020D692 /* StoreViewController.xib */; };
		140E75B71515E8C70020D692 /* RankViewController.m in Sources */ = {isa = PBXBuildFile; fileRef = 140E75B51515E8C70020D692 /* RankViewController.m */; };
		140E75B81515E8C70020D692 /* RankViewController.xib in Resources */ = {isa = PBXBuildFile; fileRef = 140E75B61515E8C70020D692 /* RankViewController.xib */; };
		140E75BC1515E9D10020D692 /* PassengerViewController.m in Sources */ = {isa = PBXBuildFile; fileRef = 140E75BA1515E9D00020D692 /* PassengerViewController.m */; };
		140E75BD1515E9D10020D692 /* PassengerViewController.xib in Resources */ = {isa = PBXBuildFile; fileRef = 140E75BB1515E9D10020D692 /* PassengerViewController.xib */; };
		BF7C6A90151B3673004B1897 /* CYCompareGraph.m in Sources */ = {isa = PBXBuildFile; fileRef = BF7C6A8F151B3673004B1897 /* CYCompareGraph.m */; };
		BF8F559C15146D6C00E65690 /* DatePickViewController.m in Sources */ = {isa = PBXBuildFile; fileRef = BF8F559A15146D6C00E65690 /* DatePickViewController.m */; };
		BF8F559D15146D6C00E65690 /* DatePickViewController.xib in Resources */ = {isa = PBXBuildFile; fileRef = BF8F559B15146D6C00E65690 /* DatePickViewController.xib */; };
		BF8F565615146E7200E65690 /* QuartzCore.framework in Frameworks */ = {isa = PBXBuildFile; fileRef = BF8F565515146E7200E65690 /* QuartzCore.framework */; };
		BF8F586315147A2400E65690 /* NSDate+TKCategory.m in Sources */ = {isa = PBXBuildFile; fileRef = BF8F585515147A2400E65690 /* NSDate+TKCategory.m */; };
		BF8F586415147A2400E65690 /* TapkuLibrary.bundle in Resources */ = {isa = PBXBuildFile; fileRef = BF8F585615147A2400E65690 /* TapkuLibrary.bundle */; };
		BF8F586515147A2400E65690 /* TKCalendarMonthTableViewController.m in Sources */ = {isa = PBXBuildFile; fileRef = BF8F585815147A2400E65690 /* TKCalendarMonthTableViewController.m */; };
		BF8F586615147A2400E65690 /* TKCalendarMonthView.m in Sources */ = {isa = PBXBuildFile; fileRef = BF8F585A15147A2400E65690 /* TKCalendarMonthView.m */; };
		BF8F586715147A2400E65690 /* TKCalendarMonthViewController.m in Sources */ = {isa = PBXBuildFile; fileRef = BF8F585C15147A2400E65690 /* TKCalendarMonthViewController.m */; };
		BF8F586815147A2400E65690 /* TKGlobal.m in Sources */ = {isa = PBXBuildFile; fileRef = BF8F585E15147A2400E65690 /* TKGlobal.m */; };
		BF8F586915147A2400E65690 /* UIImage+TKCategory.m in Sources */ = {isa = PBXBuildFile; fileRef = BF8F586015147A2400E65690 /* UIImage+TKCategory.m */; };
		BF8F586A15147A2400E65690 /* UIView+TKCategory.m in Sources */ = {isa = PBXBuildFile; fileRef = BF8F586215147A2400E65690 /* UIView+TKCategory.m */; };
		BF8F586E15147F4B00E65690 /* CycleViewController.m in Sources */ = {isa = PBXBuildFile; fileRef = BF8F586C15147F4A00E65690 /* CycleViewController.m */; };
		BF8F586F15147F4B00E65690 /* CycleViewController.xib in Resources */ = {isa = PBXBuildFile; fileRef = BF8F586D15147F4B00E65690 /* CycleViewController.xib */; };
		BF9ACF0015206ECE0093BF54 /* logo@2x.png in Resources */ = {isa = PBXBuildFile; fileRef = BF9ACEFF15206ECE0093BF54 /* logo@2x.png */; };
		BF9ACF0315206F180093BF54 /* logo.png in Resources */ = {isa = PBXBuildFile; fileRef = BF9ACF0215206F180093BF54 /* logo.png */; };
		BFD43799151096FC00277D21 /* mainWindow.xib in Resources */ = {isa = PBXBuildFile; fileRef = BFD43798151096FC00277D21 /* mainWindow.xib */; };
		BFF032C81510CB980079BB8E /* AeraPickViewController.m in Sources */ = {isa = PBXBuildFile; fileRef = BFF032C61510CB980079BB8E /* AeraPickViewController.m */; };
		BFF032C91510CB980079BB8E /* AeraPickViewController.xib in Resources */ = {isa = PBXBuildFile; fileRef = BFF032C71510CB980079BB8E /* AeraPickViewController.xib */; };
		BFFFE5EB15108D3600DDB6E7 /* UIKit.framework in Frameworks */ = {isa = PBXBuildFile; fileRef = BFFFE5EA15108D3600DDB6E7 /* UIKit.framework */; };
		BFFFE5ED15108D3600DDB6E7 /* Foundation.framework in Frameworks */ = {isa = PBXBuildFile; fileRef = BFFFE5EC15108D3600DDB6E7 /* Foundation.framework */; };
		BFFFE5EF15108D3600DDB6E7 /* CoreGraphics.framework in Frameworks */ = {isa = PBXBuildFile; fileRef = BFFFE5EE15108D3600DDB6E7 /* CoreGraphics.framework */; };
		BFFFE5F515108D3600DDB6E7 /* InfoPlist.strings in Resources */ = {isa = PBXBuildFile; fileRef = BFFFE5F315108D3600DDB6E7 /* InfoPlist.strings */; };
		BFFFE5F715108D3600DDB6E7 /* main.m in Sources */ = {isa = PBXBuildFile; fileRef = BFFFE5F615108D3600DDB6E7 /* main.m */; };
		BFFFE5FB15108D3600DDB6E7 /* AppDelegate.m in Sources */ = {isa = PBXBuildFile; fileRef = BFFFE5FA15108D3600DDB6E7 /* AppDelegate.m */; };
		BFFFE61815108FF200DDB6E7 /* LoginViewController.m in Sources */ = {isa = PBXBuildFile; fileRef = BFFFE61615108FF100DDB6E7 /* LoginViewController.m */; };
		BFFFE61915108FF200DDB6E7 /* LoginViewController.xib in Resources */ = {isa = PBXBuildFile; fileRef = BFFFE61715108FF200DDB6E7 /* LoginViewController.xib */; };
		BFFFE64F1510938B00DDB6E7 /* FirstViewController.m in Sources */ = {isa = PBXBuildFile; fileRef = BFFFE64D1510938B00DDB6E7 /* FirstViewController.m */; };
		BFFFE6501510938B00DDB6E7 /* FirstViewController.xib in Resources */ = {isa = PBXBuildFile; fileRef = BFFFE64E1510938B00DDB6E7 /* FirstViewController.xib */; };
		BFFFE6591510955500DDB6E7 /* CategoryViewController.m in Sources */ = {isa = PBXBuildFile; fileRef = BFFFE6571510955500DDB6E7 /* CategoryViewController.m */; };
		BFFFE65A1510955500DDB6E7 /* CategoryViewController.xib in Resources */ = {isa = PBXBuildFile; fileRef = BFFFE6581510955500DDB6E7 /* CategoryViewController.xib */; };
		BFFFE65E1510957F00DDB6E7 /* CompareViewController.m in Sources */ = {isa = PBXBuildFile; fileRef = BFFFE65C1510957F00DDB6E7 /* CompareViewController.m */; };
		BFFFE65F1510957F00DDB6E7 /* CompareViewController.xib in Resources */ = {isa = PBXBuildFile; fileRef = BFFFE65D1510957F00DDB6E7 /* CompareViewController.xib */; };
/* End PBXBuildFile section */

/* Begin PBXFileReference section */
		04B7B55415196508003FB57F /* unit.png */ = {isa = PBXFileReference; lastKnownFileType = image.png; path = unit.png; sourceTree = "<group>"; };
		04B7B55D151974A1003FB57F /* SheetView.h */ = {isa = PBXFileReference; fileEncoding = 4; lastKnownFileType = sourcecode.c.h; path = SheetView.h; sourceTree = "<group>"; };
		04B7B55E151974A2003FB57F /* SheetView.m */ = {isa = PBXFileReference; fileEncoding = 4; lastKnownFileType = sourcecode.c.objc; path = SheetView.m; sourceTree = "<group>"; };
		04B9D1E0151DD5670005229A /* StoreSheetView.h */ = {isa = PBXFileReference; fileEncoding = 4; lastKnownFileType = sourcecode.c.h; path = StoreSheetView.h; sourceTree = "<group>"; };
		04B9D1E1151DD5670005229A /* StoreSheetView.m */ = {isa = PBXFileReference; fileEncoding = 4; lastKnownFileType = sourcecode.c.objc; path = StoreSheetView.m; sourceTree = "<group>"; };
		04B9D1EA151E0B1B0005229A /* BrandDetailSheetView.h */ = {isa = PBXFileReference; fileEncoding = 4; lastKnownFileType = sourcecode.c.h; path = BrandDetailSheetView.h; sourceTree = "<group>"; };
		04B9D1EB151E0B1C0005229A /* BrandDetailSheetView.m */ = {isa = PBXFileReference; fileEncoding = 4; lastKnownFileType = sourcecode.c.objc; path = BrandDetailSheetView.m; sourceTree = "<group>"; };
		04B9D1ED151E87530005229A /* RankSheetView.h */ = {isa = PBXFileReference; fileEncoding = 4; lastKnownFileType = sourcecode.c.h; path = RankSheetView.h; sourceTree = "<group>"; };
		04B9D1EE151E87540005229A /* RankSheetView.m */ = {isa = PBXFileReference; fileEncoding = 4; lastKnownFileType = sourcecode.c.objc; path = RankSheetView.m; sourceTree = "<group>"; };
		04B9D1F3151E99C40005229A /* FirstSheetView.h */ = {isa = PBXFileReference; fileEncoding = 4; lastKnownFileType = sourcecode.c.h; path = FirstSheetView.h; sourceTree = "<group>"; };
		04B9D1F4151E99C50005229A /* FirstSheetView.m */ = {isa = PBXFileReference; fileEncoding = 4; lastKnownFileType = sourcecode.c.objc; path = FirstSheetView.m; sourceTree = "<group>"; };
		140E750B1515DE070020D692 /* TrendViewController.h */ = {isa = PBXFileReference; fileEncoding = 4; lastKnownFileType = sourcecode.c.h; path = TrendViewController.h; sourceTree = "<group>"; };
		140E750C1515DE070020D692 /* TrendViewController.m */ = {isa = PBXFileReference; fileEncoding = 4; lastKnownFileType = sourcecode.c.objc; path = TrendViewController.m; sourceTree = "<group>"; };
		140E750D1515DE070020D692 /* TrendViewController.xib */ = {isa = PBXFileReference; fileEncoding = 4; lastKnownFileType = file.xib; path = TrendViewController.xib; sourceTree = "<group>"; };
		140E75111515DE370020D692 /* _CPTConstraintsFixed.h */ = {isa = PBXFileReference; fileEncoding = 4; lastKnownFileType = sourcecode.c.h; path = _CPTConstraintsFixed.h; sourceTree = "<group>"; };
		140E75121515DE370020D692 /* _CPTConstraintsRelative.h */ = {isa = PBXFileReference; fileEncoding = 4; lastKnownFileType = sourcecode.c.h; path = _CPTConstraintsRelative.h; sourceTree = "<group>"; };
		140E75131515DE370020D692 /* _CPTDarkGradientTheme.h */ = {isa = PBXFileReference; fileEncoding = 4; lastKnownFileType = sourcecode.c.h; path = _CPTDarkGradientTheme.h; sourceTree = "<group>"; };
		140E75141515DE370020D692 /* _CPTFillColor.h */ = {isa = PBXFileReference; fileEncoding = 4; lastKnownFileType = sourcecode.c.h; path = _CPTFillColor.h; sourceTree = "<group>"; };
		140E75151515DE370020D692 /* _CPTFillGradient.h */ = {isa = PBXFileReference; fileEncoding = 4; lastKnownFileType = sourcecode.c.h; path = _CPTFillGradient.h; sourceTree = "<group>"; };
		140E75161515DE370020D692 /* _CPTFillImage.h */ = {isa = PBXFileReference; fileEncoding = 4; lastKnownFileType = sourcecode.c.h; path = _CPTFillImage.h; sourceTree = "<group>"; };
		140E75171515DE370020D692 /* _CPTPlainBlackTheme.h */ = {isa = PBXFileReference; fileEncoding = 4; lastKnownFileType = sourcecode.c.h; path = _CPTPlainBlackTheme.h; sourceTree = "<group>"; };
		140E75181515DE370020D692 /* _CPTPlainWhiteTheme.h */ = {isa = PBXFileReference; fileEncoding = 4; lastKnownFileType = sourcecode.c.h; path = _CPTPlainWhiteTheme.h; sourceTree = "<group>"; };
		140E75191515DE370020D692 /* _CPTSlateTheme.h */ = {isa = PBXFileReference; fileEncoding = 4; lastKnownFileType = sourcecode.c.h; path = _CPTSlateTheme.h; sourceTree = "<group>"; };
		140E751A1515DE370020D692 /* _CPTStocksTheme.h */ = {isa = PBXFileReference; fileEncoding = 4; lastKnownFileType = sourcecode.c.h; path = _CPTStocksTheme.h; sourceTree = "<group>"; };
		140E751B1515DE370020D692 /* _CPTXYTheme.h */ = {isa = PBXFileReference; fileEncoding = 4; lastKnownFileType = sourcecode.c.h; path = _CPTXYTheme.h; sourceTree = "<group>"; };
		140E751C1515DE370020D692 /* CorePlot-CocoaTouch.h */ = {isa = PBXFileReference; fileEncoding = 4; lastKnownFileType = sourcecode.c.h; path = "CorePlot-CocoaTouch.h"; sourceTree = "<group>"; };
		140E751D1515DE370020D692 /* CPTAnnotation.h */ = {isa = PBXFileReference; fileEncoding = 4; lastKnownFileType = sourcecode.c.h; path = CPTAnnotation.h; sourceTree = "<group>"; };
		140E751E1515DE370020D692 /* CPTAnnotationHostLayer.h */ = {isa = PBXFileReference; fileEncoding = 4; lastKnownFileType = sourcecode.c.h; path = CPTAnnotationHostLayer.h; sourceTree = "<group>"; };
		140E751F1515DE370020D692 /* CPTAxis.h */ = {isa = PBXFileReference; fileEncoding = 4; lastKnownFileType = sourcecode.c.h; path = CPTAxis.h; sourceTree = "<group>"; };
		140E75201515DE370020D692 /* CPTAxisLabel.h */ = {isa = PBXFileReference; fileEncoding = 4; lastKnownFileType = sourcecode.c.h; path = CPTAxisLabel.h; sourceTree = "<group>"; };
		140E75211515DE370020D692 /* CPTAxisLabelGroup.h */ = {isa = PBXFileReference; fileEncoding = 4; lastKnownFileType = sourcecode.c.h; path = CPTAxisLabelGroup.h; sourceTree = "<group>"; };
		140E75221515DE370020D692 /* CPTAxisSet.h */ = {isa = PBXFileReference; fileEncoding = 4; lastKnownFileType = sourcecode.c.h; path = CPTAxisSet.h; sourceTree = "<group>"; };
		140E75231515DE370020D692 /* CPTAxisTitle.h */ = {isa = PBXFileReference; fileEncoding = 4; lastKnownFileType = sourcecode.c.h; path = CPTAxisTitle.h; sourceTree = "<group>"; };
		140E75241515DE370020D692 /* CPTBarPlot.h */ = {isa = PBXFileReference; fileEncoding = 4; lastKnownFileType = sourcecode.c.h; path = CPTBarPlot.h; sourceTree = "<group>"; };
		140E75251515DE370020D692 /* CPTBorderedLayer.h */ = {isa = PBXFileReference; fileEncoding = 4; lastKnownFileType = sourcecode.c.h; path = CPTBorderedLayer.h; sourceTree = "<group>"; };
		140E75261515DE370020D692 /* CPTColor.h */ = {isa = PBXFileReference; fileEncoding = 4; lastKnownFileType = sourcecode.c.h; path = CPTColor.h; sourceTree = "<group>"; };
		140E75271515DE370020D692 /* CPTColorSpace.h */ = {isa = PBXFileReference; fileEncoding = 4; lastKnownFileType = sourcecode.c.h; path = CPTColorSpace.h; sourceTree = "<group>"; };
		140E75281515DE370020D692 /* CPTConstraints.h */ = {isa = PBXFileReference; fileEncoding = 4; lastKnownFileType = sourcecode.c.h; path = CPTConstraints.h; sourceTree = "<group>"; };
		140E75291515DE370020D692 /* CPTDefinitions.h */ = {isa = PBXFileReference; fileEncoding = 4; lastKnownFileType = sourcecode.c.h; path = CPTDefinitions.h; sourceTree = "<group>"; };
		140E752A1515DE370020D692 /* CPTExceptions.h */ = {isa = PBXFileReference; fileEncoding = 4; lastKnownFileType = sourcecode.c.h; path = CPTExceptions.h; sourceTree = "<group>"; };
		140E752B1515DE370020D692 /* CPTFill.h */ = {isa = PBXFileReference; fileEncoding = 4; lastKnownFileType = sourcecode.c.h; path = CPTFill.h; sourceTree = "<group>"; };
		140E752C1515DE370020D692 /* CPTGradient.h */ = {isa = PBXFileReference; fileEncoding = 4; lastKnownFileType = sourcecode.c.h; path = CPTGradient.h; sourceTree = "<group>"; };
		140E752D1515DE370020D692 /* CPTGraph.h */ = {isa = PBXFileReference; fileEncoding = 4; lastKnownFileType = sourcecode.c.h; path = CPTGraph.h; sourceTree = "<group>"; };
		140E752E1515DE370020D692 /* CPTGraphHostingView.h */ = {isa = PBXFileReference; fileEncoding = 4; lastKnownFileType = sourcecode.c.h; path = CPTGraphHostingView.h; sourceTree = "<group>"; };
		140E752F1515DE370020D692 /* CPTGridLineGroup.h */ = {isa = PBXFileReference; fileEncoding = 4; lastKnownFileType = sourcecode.c.h; path = CPTGridLineGroup.h; sourceTree = "<group>"; };
		140E75301515DE370020D692 /* CPTGridLines.h */ = {isa = PBXFileReference; fileEncoding = 4; lastKnownFileType = sourcecode.c.h; path = CPTGridLines.h; sourceTree = "<group>"; };
		140E75311515DE370020D692 /* CPTImage.h */ = {isa = PBXFileReference; fileEncoding = 4; lastKnownFileType = sourcecode.c.h; path = CPTImage.h; sourceTree = "<group>"; };
		140E75321515DE370020D692 /* CPTLayer.h */ = {isa = PBXFileReference; fileEncoding = 4; lastKnownFileType = sourcecode.c.h; path = CPTLayer.h; sourceTree = "<group>"; };
		140E75331515DE370020D692 /* CPTLayerAnnotation.h */ = {isa = PBXFileReference; fileEncoding = 4; lastKnownFileType = sourcecode.c.h; path = CPTLayerAnnotation.h; sourceTree = "<group>"; };
		140E75341515DE370020D692 /* CPTLegend.h */ = {isa = PBXFileReference; fileEncoding = 4; lastKnownFileType = sourcecode.c.h; path = CPTLegend.h; sourceTree = "<group>"; };
		140E75351515DE370020D692 /* CPTLegendEntry.h */ = {isa = PBXFileReference; fileEncoding = 4; lastKnownFileType = sourcecode.c.h; path = CPTLegendEntry.h; sourceTree = "<group>"; };
		140E75361515DE370020D692 /* CPTLimitBand.h */ = {isa = PBXFileReference; fileEncoding = 4; lastKnownFileType = sourcecode.c.h; path = CPTLimitBand.h; sourceTree = "<group>"; };
		140E75371515DE370020D692 /* CPTLineCap.h */ = {isa = PBXFileReference; fileEncoding = 4; lastKnownFileType = sourcecode.c.h; path = CPTLineCap.h; sourceTree = "<group>"; };
		140E75381515DE370020D692 /* CPTLineStyle.h */ = {isa = PBXFileReference; fileEncoding = 4; lastKnownFileType = sourcecode.c.h; path = CPTLineStyle.h; sourceTree = "<group>"; };
		140E75391515DE370020D692 /* CPTMutableLineStyle.h */ = {isa = PBXFileReference; fileEncoding = 4; lastKnownFileType = sourcecode.c.h; path = CPTMutableLineStyle.h; sourceTree = "<group>"; };
		140E753A1515DE370020D692 /* CPTMutableNumericData+TypeConversion.h */ = {isa = PBXFileReference; fileEncoding = 4; lastKnownFileType = sourcecode.c.h; path = "CPTMutableNumericData+TypeConversion.h"; sourceTree = "<group>"; };
		140E753B1515DE370020D692 /* CPTMutableNumericData.h */ = {isa = PBXFileReference; fileEncoding = 4; lastKnownFileType = sourcecode.c.h; path = CPTMutableNumericData.h; sourceTree = "<group>"; };
		140E753C1515DE370020D692 /* CPTMutablePlotRange.h */ = {isa = PBXFileReference; fileEncoding = 4; lastKnownFileType = sourcecode.c.h; path = CPTMutablePlotRange.h; sourceTree = "<group>"; };
		140E753D1515DE370020D692 /* CPTMutableShadow.h */ = {isa = PBXFileReference; fileEncoding = 4; lastKnownFileType = sourcecode.c.h; path = CPTMutableShadow.h; sourceTree = "<group>"; };
		140E753E1515DE370020D692 /* CPTMutableTextStyle.h */ = {isa = PBXFileReference; fileEncoding = 4; lastKnownFileType = sourcecode.c.h; path = CPTMutableTextStyle.h; sourceTree = "<group>"; };
		140E753F1515DE370020D692 /* CPTNumericData+TypeConversion.h */ = {isa = PBXFileReference; fileEncoding = 4; lastKnownFileType = sourcecode.c.h; path = "CPTNumericData+TypeConversion.h"; sourceTree = "<group>"; };
		140E75401515DE370020D692 /* CPTNumericData.h */ = {isa = PBXFileReference; fileEncoding = 4; lastKnownFileType = sourcecode.c.h; path = CPTNumericData.h; sourceTree = "<group>"; };
		140E75411515DE370020D692 /* CPTNumericDataType.h */ = {isa = PBXFileReference; fileEncoding = 4; lastKnownFileType = sourcecode.c.h; path = CPTNumericDataType.h; sourceTree = "<group>"; };
		140E75421515DE370020D692 /* CPTPathExtensions.h */ = {isa = PBXFileReference; fileEncoding = 4; lastKnownFileType = sourcecode.c.h; path = CPTPathExtensions.h; sourceTree = "<group>"; };
		140E75431515DE370020D692 /* CPTPieChart.h */ = {isa = PBXFileReference; fileEncoding = 4; lastKnownFileType = sourcecode.c.h; path = CPTPieChart.h; sourceTree = "<group>"; };
		140E75441515DE370020D692 /* CPTPlatformSpecificCategories.h */ = {isa = PBXFileReference; fileEncoding = 4; lastKnownFileType = sourcecode.c.h; path = CPTPlatformSpecificCategories.h; sourceTree = "<group>"; };
		140E75451515DE370020D692 /* CPTPlatformSpecificDefines.h */ = {isa = PBXFileReference; fileEncoding = 4; lastKnownFileType = sourcecode.c.h; path = CPTPlatformSpecificDefines.h; sourceTree = "<group>"; };
		140E75461515DE370020D692 /* CPTPlatformSpecificFunctions.h */ = {isa = PBXFileReference; fileEncoding = 4; lastKnownFileType = sourcecode.c.h; path = CPTPlatformSpecificFunctions.h; sourceTree = "<group>"; };
		140E75471515DE370020D692 /* CPTPlot.h */ = {isa = PBXFileReference; fileEncoding = 4; lastKnownFileType = sourcecode.c.h; path = CPTPlot.h; sourceTree = "<group>"; };
		140E75481515DE370020D692 /* CPTPlotArea.h */ = {isa = PBXFileReference; fileEncoding = 4; lastKnownFileType = sourcecode.c.h; path = CPTPlotArea.h; sourceTree = "<group>"; };
		140E75491515DE370020D692 /* CPTPlotAreaFrame.h */ = {isa = PBXFileReference; fileEncoding = 4; lastKnownFileType = sourcecode.c.h; path = CPTPlotAreaFrame.h; sourceTree = "<group>"; };
		140E754A1515DE370020D692 /* CPTPlotGroup.h */ = {isa = PBXFileReference; fileEncoding = 4; lastKnownFileType = sourcecode.c.h; path = CPTPlotGroup.h; sourceTree = "<group>"; };
		140E754B1515DE370020D692 /* CPTPlotRange.h */ = {isa = PBXFileReference; fileEncoding = 4; lastKnownFileType = sourcecode.c.h; path = CPTPlotRange.h; sourceTree = "<group>"; };
		140E754C1515DE370020D692 /* CPTPlotSpace.h */ = {isa = PBXFileReference; fileEncoding = 4; lastKnownFileType = sourcecode.c.h; path = CPTPlotSpace.h; sourceTree = "<group>"; };
		140E754D1515DE370020D692 /* CPTPlotSpaceAnnotation.h */ = {isa = PBXFileReference; fileEncoding = 4; lastKnownFileType = sourcecode.c.h; path = CPTPlotSpaceAnnotation.h; sourceTree = "<group>"; };
		140E754E1515DE370020D692 /* CPTPlotSymbol.h */ = {isa = PBXFileReference; fileEncoding = 4; lastKnownFileType = sourcecode.c.h; path = CPTPlotSymbol.h; sourceTree = "<group>"; };
		140E754F1515DE370020D692 /* CPTRangePlot.h */ = {isa = PBXFileReference; fileEncoding = 4; lastKnownFileType = sourcecode.c.h; path = CPTRangePlot.h; sourceTree = "<group>"; };
		140E75501515DE370020D692 /* CPTResponder.h */ = {isa = PBXFileReference; fileEncoding = 4; lastKnownFileType = sourcecode.c.h; path = CPTResponder.h; sourceTree = "<group>"; };
		140E75511515DE370020D692 /* CPTScatterPlot.h */ = {isa = PBXFileReference; fileEncoding = 4; lastKnownFileType = sourcecode.c.h; path = CPTScatterPlot.h; sourceTree = "<group>"; };
		140E75521515DE370020D692 /* CPTShadow.h */ = {isa = PBXFileReference; fileEncoding = 4; lastKnownFileType = sourcecode.c.h; path = CPTShadow.h; sourceTree = "<group>"; };
		140E75531515DE370020D692 /* CPTTextLayer.h */ = {isa = PBXFileReference; fileEncoding = 4; lastKnownFileType = sourcecode.c.h; path = CPTTextLayer.h; sourceTree = "<group>"; };
		140E75541515DE370020D692 /* CPTTextStyle.h */ = {isa = PBXFileReference; fileEncoding = 4; lastKnownFileType = sourcecode.c.h; path = CPTTextStyle.h; sourceTree = "<group>"; };
		140E75551515DE370020D692 /* CPTTheme.h */ = {isa = PBXFileReference; fileEncoding = 4; lastKnownFileType = sourcecode.c.h; path = CPTTheme.h; sourceTree = "<group>"; };
		140E75561515DE370020D692 /* CPTTimeFormatter.h */ = {isa = PBXFileReference; fileEncoding = 4; lastKnownFileType = sourcecode.c.h; path = CPTTimeFormatter.h; sourceTree = "<group>"; };
		140E75571515DE370020D692 /* CPTTradingRangePlot.h */ = {isa = PBXFileReference; fileEncoding = 4; lastKnownFileType = sourcecode.c.h; path = CPTTradingRangePlot.h; sourceTree = "<group>"; };
		140E75581515DE370020D692 /* CPTUtilities.h */ = {isa = PBXFileReference; fileEncoding = 4; lastKnownFileType = sourcecode.c.h; path = CPTUtilities.h; sourceTree = "<group>"; };
		140E75591515DE370020D692 /* CPTXYAxis.h */ = {isa = PBXFileReference; fileEncoding = 4; lastKnownFileType = sourcecode.c.h; path = CPTXYAxis.h; sourceTree = "<group>"; };
		140E755A1515DE370020D692 /* CPTXYAxisSet.h */ = {isa = PBXFileReference; fileEncoding = 4; lastKnownFileType = sourcecode.c.h; path = CPTXYAxisSet.h; sourceTree = "<group>"; };
		140E755B1515DE370020D692 /* CPTXYGraph.h */ = {isa = PBXFileReference; fileEncoding = 4; lastKnownFileType = sourcecode.c.h; path = CPTXYGraph.h; sourceTree = "<group>"; };
		140E755C1515DE370020D692 /* CPTXYPlotSpace.h */ = {isa = PBXFileReference; fileEncoding = 4; lastKnownFileType = sourcecode.c.h; path = CPTXYPlotSpace.h; sourceTree = "<group>"; };
		140E755D1515DE370020D692 /* NSCoderExtensions.h */ = {isa = PBXFileReference; fileEncoding = 4; lastKnownFileType = sourcecode.c.h; path = NSCoderExtensions.h; sourceTree = "<group>"; };
		140E755E1515DE370020D692 /* NSDecimalNumberExtensions.h */ = {isa = PBXFileReference; fileEncoding = 4; lastKnownFileType = sourcecode.c.h; path = NSDecimalNumberExtensions.h; sourceTree = "<group>"; };
		140E755F1515DE370020D692 /* NSNumberExtensions.h */ = {isa = PBXFileReference; fileEncoding = 4; lastKnownFileType = sourcecode.c.h; path = NSNumberExtensions.h; sourceTree = "<group>"; };
		140E75601515DE370020D692 /* libCorePlot-CocoaTouch.a */ = {isa = PBXFileReference; lastKnownFileType = archive.ar; path = "libCorePlot-CocoaTouch.a"; sourceTree = "<group>"; };
		140E75741515DF580020D692 /* BrandAnalysisData.h */ = {isa = PBXFileReference; fileEncoding = 4; lastKnownFileType = sourcecode.c.h; path = BrandAnalysisData.h; sourceTree = "<group>"; };
		140E75751515DF580020D692 /* BrandAnalysisData.m */ = {isa = PBXFileReference; fileEncoding = 4; lastKnownFileType = sourcecode.c.objc; path = BrandAnalysisData.m; sourceTree = "<group>"; };
		140E75761515DF580020D692 /* BrandAnalysisDetailData.h */ = {isa = PBXFileReference; fileEncoding = 4; lastKnownFileType = sourcecode.c.h; path = BrandAnalysisDetailData.h; sourceTree = "<group>"; };
		140E75771515DF580020D692 /* BrandAnalysisDetailData.m */ = {isa = PBXFileReference; fileEncoding = 4; lastKnownFileType = sourcecode.c.objc; path = BrandAnalysisDetailData.m; sourceTree = "<group>"; };
		140E75781515DF580020D692 /* IpvaSheetData.h */ = {isa = PBXFileReference; fileEncoding = 4; lastKnownFileType = sourcecode.c.h; path = IpvaSheetData.h; sourceTree = "<group>"; };
		140E75791515DF580020D692 /* IpvaSheetData.m */ = {isa = PBXFileReference; fileEncoding = 4; lastKnownFileType = sourcecode.c.objc; path = IpvaSheetData.m; sourceTree = "<group>"; };
		140E757A1515DF580020D692 /* LeadingStoreData.h */ = {isa = PBXFileReference; fileEncoding = 4; lastKnownFileType = sourcecode.c.h; path = LeadingStoreData.h; sourceTree = "<group>"; };
		140E757B1515DF580020D692 /* LeadingStoreData.m */ = {isa = PBXFileReference; fileEncoding = 4; lastKnownFileType = sourcecode.c.objc; path = LeadingStoreData.m; sourceTree = "<group>"; };
		140E75851515E16F0020D692 /* BrandViewController.h */ = {isa = PBXFileReference; fileEncoding = 4; lastKnownFileType = sourcecode.c.h; path = BrandViewController.h; sourceTree = "<group>"; };
		140E75861515E16F0020D692 /* BrandViewController.m */ = {isa = PBXFileReference; fileEncoding = 4; lastKnownFileType = sourcecode.c.objc; path = BrandViewController.m; sourceTree = "<group>"; };
		140E75871515E16F0020D692 /* BrandViewController.xib */ = {isa = PBXFileReference; fileEncoding = 4; lastKnownFileType = file.xib; path = BrandViewController.xib; sourceTree = "<group>"; };
		140E758B1515E1D10020D692 /* BrandAnalysisDetail.h */ = {isa = PBXFileReference; fileEncoding = 4; lastKnownFileType = sourcecode.c.h; path = BrandAnalysisDetail.h; sourceTree = "<group>"; };
		140E758C1515E1D10020D692 /* BrandAnalysisDetail.m */ = {isa = PBXFileReference; fileEncoding = 4; lastKnownFileType = sourcecode.c.objc; path = BrandAnalysisDetail.m; sourceTree = "<group>"; };
		140E758D1515E1D10020D692 /* BrandAnalysisDetail.xib */ = {isa = PBXFileReference; fileEncoding = 4; lastKnownFileType = file.xib; path = BrandAnalysisDetail.xib; sourceTree = "<group>"; };
		140E75A41515E2FE0020D692 /* StoreViewController.h */ = {isa = PBXFileReference; fileEncoding = 4; lastKnownFileType = sourcecode.c.h; path = StoreViewController.h; sourceTree = "<group>"; };
		140E75A51515E2FE0020D692 /* StoreViewController.m */ = {isa = PBXFileReference; fileEncoding = 4; lastKnownFileType = sourcecode.c.objc; path = StoreViewController.m; sourceTree = "<group>"; };
		140E75A61515E2FE0020D692 /* StoreViewController.xib */ = {isa = PBXFileReference; fileEncoding = 4; lastKnownFileType = file.xib; path = StoreViewController.xib; sourceTree = "<group>"; };
		140E75B41515E8C70020D692 /* RankViewController.h */ = {isa = PBXFileReference; fileEncoding = 4; lastKnownFileType = sourcecode.c.h; path = RankViewController.h; sourceTree = "<group>"; };
		140E75B51515E8C70020D692 /* RankViewController.m */ = {isa = PBXFileReference; fileEncoding = 4; lastKnownFileType = sourcecode.c.objc; path = RankViewController.m; sourceTree = "<group>"; };
		140E75B61515E8C70020D692 /* RankViewController.xib */ = {isa = PBXFileReference; fileEncoding = 4; lastKnownFileType = file.xib; path = RankViewController.xib; sourceTree = "<group>"; };
		140E75B91515E9D00020D692 /* PassengerViewController.h */ = {isa = PBXFileReference; fileEncoding = 4; lastKnownFileType = sourcecode.c.h; path = PassengerViewController.h; sourceTree = "<group>"; };
		140E75BA1515E9D00020D692 /* PassengerViewController.m */ = {isa = PBXFileReference; fileEncoding = 4; lastKnownFileType = sourcecode.c.objc; path = PassengerViewController.m; sourceTree = "<group>"; };
		140E75BB1515E9D10020D692 /* PassengerViewController.xib */ = {isa = PBXFileReference; fileEncoding = 4; lastKnownFileType = file.xib; path = PassengerViewController.xib; sourceTree = "<group>"; };
		BF7C6A8E151B3673004B1897 /* CYCompareGraph.h */ = {isa = PBXFileReference; fileEncoding = 4; lastKnownFileType = sourcecode.c.h; path = CYCompareGraph.h; sourceTree = "<group>"; };
		BF7C6A8F151B3673004B1897 /* CYCompareGraph.m */ = {isa = PBXFileReference; fileEncoding = 4; lastKnownFileType = sourcecode.c.objc; path = CYCompareGraph.m; sourceTree = "<group>"; };
		BF8F559915146D6C00E65690 /* DatePickViewController.h */ = {isa = PBXFileReference; fileEncoding = 4; lastKnownFileType = sourcecode.c.h; path = DatePickViewController.h; sourceTree = "<group>"; };
		BF8F559A15146D6C00E65690 /* DatePickViewController.m */ = {isa = PBXFileReference; fileEncoding = 4; lastKnownFileType = sourcecode.c.objc; path = DatePickViewController.m; sourceTree = "<group>"; };
		BF8F559B15146D6C00E65690 /* DatePickViewController.xib */ = {isa = PBXFileReference; fileEncoding = 4; lastKnownFileType = file.xib; path = DatePickViewController.xib; sourceTree = "<group>"; };
		BF8F565515146E7200E65690 /* QuartzCore.framework */ = {isa = PBXFileReference; lastKnownFileType = wrapper.framework; name = QuartzCore.framework; path = System/Library/Frameworks/QuartzCore.framework; sourceTree = SDKROOT; };
		BF8F585415147A2400E65690 /* NSDate+TKCategory.h */ = {isa = PBXFileReference; fileEncoding = 4; lastKnownFileType = sourcecode.c.h; path = "NSDate+TKCategory.h"; sourceTree = "<group>"; };
		BF8F585515147A2400E65690 /* NSDate+TKCategory.m */ = {isa = PBXFileReference; fileEncoding = 4; lastKnownFileType = sourcecode.c.objc; path = "NSDate+TKCategory.m"; sourceTree = "<group>"; };
		BF8F585615147A2400E65690 /* TapkuLibrary.bundle */ = {isa = PBXFileReference; lastKnownFileType = "wrapper.plug-in"; path = TapkuLibrary.bundle; sourceTree = "<group>"; };
		BF8F585715147A2400E65690 /* TKCalendarMonthTableViewController.h */ = {isa = PBXFileReference; fileEncoding = 4; lastKnownFileType = sourcecode.c.h; path = TKCalendarMonthTableViewController.h; sourceTree = "<group>"; };
		BF8F585815147A2400E65690 /* TKCalendarMonthTableViewController.m */ = {isa = PBXFileReference; fileEncoding = 4; lastKnownFileType = sourcecode.c.objc; path = TKCalendarMonthTableViewController.m; sourceTree = "<group>"; };
		BF8F585915147A2400E65690 /* TKCalendarMonthView.h */ = {isa = PBXFileReference; fileEncoding = 4; lastKnownFileType = sourcecode.c.h; path = TKCalendarMonthView.h; sourceTree = "<group>"; };
		BF8F585A15147A2400E65690 /* TKCalendarMonthView.m */ = {isa = PBXFileReference; fileEncoding = 4; lastKnownFileType = sourcecode.c.objc; path = TKCalendarMonthView.m; sourceTree = "<group>"; };
		BF8F585B15147A2400E65690 /* TKCalendarMonthViewController.h */ = {isa = PBXFileReference; fileEncoding = 4; lastKnownFileType = sourcecode.c.h; path = TKCalendarMonthViewController.h; sourceTree = "<group>"; };
		BF8F585C15147A2400E65690 /* TKCalendarMonthViewController.m */ = {isa = PBXFileReference; fileEncoding = 4; lastKnownFileType = sourcecode.c.objc; path = TKCalendarMonthViewController.m; sourceTree = "<group>"; };
		BF8F585D15147A2400E65690 /* TKGlobal.h */ = {isa = PBXFileReference; fileEncoding = 4; lastKnownFileType = sourcecode.c.h; path = TKGlobal.h; sourceTree = "<group>"; };
		BF8F585E15147A2400E65690 /* TKGlobal.m */ = {isa = PBXFileReference; fileEncoding = 4; lastKnownFileType = sourcecode.c.objc; path = TKGlobal.m; sourceTree = "<group>"; };
		BF8F585F15147A2400E65690 /* UIImage+TKCategory.h */ = {isa = PBXFileReference; fileEncoding = 4; lastKnownFileType = sourcecode.c.h; path = "UIImage+TKCategory.h"; sourceTree = "<group>"; };
		BF8F586015147A2400E65690 /* UIImage+TKCategory.m */ = {isa = PBXFileReference; fileEncoding = 4; lastKnownFileType = sourcecode.c.objc; path = "UIImage+TKCategory.m"; sourceTree = "<group>"; };
		BF8F586115147A2400E65690 /* UIView+TKCategory.h */ = {isa = PBXFileReference; fileEncoding = 4; lastKnownFileType = sourcecode.c.h; path = "UIView+TKCategory.h"; sourceTree = "<group>"; };
		BF8F586215147A2400E65690 /* UIView+TKCategory.m */ = {isa = PBXFileReference; fileEncoding = 4; lastKnownFileType = sourcecode.c.objc; path = "UIView+TKCategory.m"; sourceTree = "<group>"; };
		BF8F586B15147F4A00E65690 /* CycleViewController.h */ = {isa = PBXFileReference; fileEncoding = 4; lastKnownFileType = sourcecode.c.h; path = CycleViewController.h; sourceTree = "<group>"; };
		BF8F586C15147F4A00E65690 /* CycleViewController.m */ = {isa = PBXFileReference; fileEncoding = 4; lastKnownFileType = sourcecode.c.objc; path = CycleViewController.m; sourceTree = "<group>"; };
		BF8F586D15147F4B00E65690 /* CycleViewController.xib */ = {isa = PBXFileReference; fileEncoding = 4; lastKnownFileType = file.xib; path = CycleViewController.xib; sourceTree = "<group>"; };
		BF9ACEFF15206ECE0093BF54 /* logo@2x.png */ = {isa = PBXFileReference; lastKnownFileType = image.png; name = "logo@2x.png"; path = "../logo@2x.png"; sourceTree = "<group>"; };
		BF9ACF0215206F180093BF54 /* logo.png */ = {isa = PBXFileReference; lastKnownFileType = image.png; name = logo.png; path = ../logo.png; sourceTree = "<group>"; };
		BFD43798151096FC00277D21 /* mainWindow.xib */ = {isa = PBXFileReference; fileEncoding = 4; lastKnownFileType = file.xib; path = mainWindow.xib; sourceTree = "<group>"; };
		BFF032C51510CB980079BB8E /* AeraPickViewController.h */ = {isa = PBXFileReference; fileEncoding = 4; lastKnownFileType = sourcecode.c.h; path = AeraPickViewController.h; sourceTree = "<group>"; };
		BFF032C61510CB980079BB8E /* AeraPickViewController.m */ = {isa = PBXFileReference; fileEncoding = 4; lastKnownFileType = sourcecode.c.objc; path = AeraPickViewController.m; sourceTree = "<group>"; };
		BFF032C71510CB980079BB8E /* AeraPickViewController.xib */ = {isa = PBXFileReference; fileEncoding = 4; lastKnownFileType = file.xib; path = AeraPickViewController.xib; sourceTree = "<group>"; };
		BFFFE5E615108D3600DDB6E7 /* IPVA.app */ = {isa = PBXFileReference; explicitFileType = wrapper.application; includeInIndex = 0; path = IPVA.app; sourceTree = BUILT_PRODUCTS_DIR; };
		BFFFE5EA15108D3600DDB6E7 /* UIKit.framework */ = {isa = PBXFileReference; lastKnownFileType = wrapper.framework; name = UIKit.framework; path = System/Library/Frameworks/UIKit.framework; sourceTree = SDKROOT; };
		BFFFE5EC15108D3600DDB6E7 /* Foundation.framework */ = {isa = PBXFileReference; lastKnownFileType = wrapper.framework; name = Foundation.framework; path = System/Library/Frameworks/Foundation.framework; sourceTree = SDKROOT; };
		BFFFE5EE15108D3600DDB6E7 /* CoreGraphics.framework */ = {isa = PBXFileReference; lastKnownFileType = wrapper.framework; name = CoreGraphics.framework; path = System/Library/Frameworks/CoreGraphics.framework; sourceTree = SDKROOT; };
		BFFFE5F215108D3600DDB6E7 /* IPVA-Info.plist */ = {isa = PBXFileReference; lastKnownFileType = text.plist.xml; path = "IPVA-Info.plist"; sourceTree = "<group>"; };
		BFFFE5F415108D3600DDB6E7 /* en */ = {isa = PBXFileReference; lastKnownFileType = text.plist.strings; name = en; path = en.lproj/InfoPlist.strings; sourceTree = "<group>"; };
		BFFFE5F615108D3600DDB6E7 /* main.m */ = {isa = PBXFileReference; lastKnownFileType = sourcecode.c.objc; path = main.m; sourceTree = "<group>"; };
		BFFFE5F815108D3600DDB6E7 /* IPVA-Prefix.pch */ = {isa = PBXFileReference; lastKnownFileType = sourcecode.c.h; path = "IPVA-Prefix.pch"; sourceTree = "<group>"; };
		BFFFE5F915108D3600DDB6E7 /* AppDelegate.h */ = {isa = PBXFileReference; lastKnownFileType = sourcecode.c.h; path = AppDelegate.h; sourceTree = "<group>"; };
		BFFFE5FA15108D3600DDB6E7 /* AppDelegate.m */ = {isa = PBXFileReference; lastKnownFileType = sourcecode.c.objc; path = AppDelegate.m; sourceTree = "<group>"; };
		BFFFE61515108FF100DDB6E7 /* LoginViewController.h */ = {isa = PBXFileReference; fileEncoding = 4; lastKnownFileType = sourcecode.c.h; path = LoginViewController.h; sourceTree = "<group>"; };
		BFFFE61615108FF100DDB6E7 /* LoginViewController.m */ = {isa = PBXFileReference; fileEncoding = 4; lastKnownFileType = sourcecode.c.objc; path = LoginViewController.m; sourceTree = "<group>"; };
		BFFFE61715108FF200DDB6E7 /* LoginViewController.xib */ = {isa = PBXFileReference; fileEncoding = 4; lastKnownFileType = file.xib; path = LoginViewController.xib; sourceTree = "<group>"; };
		BFFFE64C1510938B00DDB6E7 /* FirstViewController.h */ = {isa = PBXFileReference; fileEncoding = 4; lastKnownFileType = sourcecode.c.h; path = FirstViewController.h; sourceTree = "<group>"; };
		BFFFE64D1510938B00DDB6E7 /* FirstViewController.m */ = {isa = PBXFileReference; fileEncoding = 4; lastKnownFileType = sourcecode.c.objc; path = FirstViewController.m; sourceTree = "<group>"; };
		BFFFE64E1510938B00DDB6E7 /* FirstViewController.xib */ = {isa = PBXFileReference; fileEncoding = 4; lastKnownFileType = file.xib; path = FirstViewController.xib; sourceTree = "<group>"; };
		BFFFE6561510955500DDB6E7 /* CategoryViewController.h */ = {isa = PBXFileReference; fileEncoding = 4; lastKnownFileType = sourcecode.c.h; path = CategoryViewController.h; sourceTree = "<group>"; };
		BFFFE6571510955500DDB6E7 /* CategoryViewController.m */ = {isa = PBXFileReference; fileEncoding = 4; lastKnownFileType = sourcecode.c.objc; path = CategoryViewController.m; sourceTree = "<group>"; };
		BFFFE6581510955500DDB6E7 /* CategoryViewController.xib */ = {isa = PBXFileReference; fileEncoding = 4; lastKnownFileType = file.xib; path = CategoryViewController.xib; sourceTree = "<group>"; };
		BFFFE65B1510957F00DDB6E7 /* CompareViewController.h */ = {isa = PBXFileReference; fileEncoding = 4; lastKnownFileType = sourcecode.c.h; path = CompareViewController.h; sourceTree = "<group>"; };
		BFFFE65C1510957F00DDB6E7 /* CompareViewController.m */ = {isa = PBXFileReference; fileEncoding = 4; lastKnownFileType = sourcecode.c.objc; path = CompareViewController.m; sourceTree = "<group>"; };
		BFFFE65D1510957F00DDB6E7 /* CompareViewController.xib */ = {isa = PBXFileReference; fileEncoding = 4; lastKnownFileType = file.xib; path = CompareViewController.xib; sourceTree = "<group>"; };
/* End PBXFileReference section */

/* Begin PBXFrameworksBuildPhase section */
		BFFFE5E315108D3600DDB6E7 /* Frameworks */ = {
			isa = PBXFrameworksBuildPhase;
			buildActionMask = 2147483647;
			files = (
				BF8F565615146E7200E65690 /* QuartzCore.framework in Frameworks */,
				BFFFE5EB15108D3600DDB6E7 /* UIKit.framework in Frameworks */,
				BFFFE5ED15108D3600DDB6E7 /* Foundation.framework in Frameworks */,
				BFFFE5EF15108D3600DDB6E7 /* CoreGraphics.framework in Frameworks */,
				140E75611515DE370020D692 /* libCorePlot-CocoaTouch.a in Frameworks */,
			);
			runOnlyForDeploymentPostprocessing = 0;
		};
/* End PBXFrameworksBuildPhase section */

/* Begin PBXGroup section */
		140E75061515DCF10020D692 /* GraphAndSheet */ = {
			isa = PBXGroup;
			children = (
				140E750A1515DD1A0020D692 /* GraphView */,
				140E75091515DD0F0020D692 /* SheetData */,
			);
			name = GraphAndSheet;
			sourceTree = "<group>";
		};
		140E75091515DD0F0020D692 /* SheetData */ = {
			isa = PBXGroup;
			children = (
				140E75741515DF580020D692 /* BrandAnalysisData.h */,
				140E75751515DF580020D692 /* BrandAnalysisData.m */,
				140E75761515DF580020D692 /* BrandAnalysisDetailData.h */,
				140E75771515DF580020D692 /* BrandAnalysisDetailData.m */,
				140E75781515DF580020D692 /* IpvaSheetData.h */,
				140E75791515DF580020D692 /* IpvaSheetData.m */,
				140E757A1515DF580020D692 /* LeadingStoreData.h */,
				140E757B1515DF580020D692 /* LeadingStoreData.m */,
			);
			name = SheetData;
			sourceTree = "<group>";
		};
		140E750A1515DD1A0020D692 /* GraphView */ = {
			isa = PBXGroup;
			children = (
				04B7B55D151974A1003FB57F /* SheetView.h */,
				04B7B55E151974A2003FB57F /* SheetView.m */,
				04B9D1ED151E87530005229A /* RankSheetView.h */,
				04B9D1EE151E87540005229A /* RankSheetView.m */,
				04B9D1E0151DD5670005229A /* StoreSheetView.h */,
				04B9D1E1151DD5670005229A /* StoreSheetView.m */,
				04B9D1EA151E0B1B0005229A /* BrandDetailSheetView.h */,
				04B9D1EB151E0B1C0005229A /* BrandDetailSheetView.m */,
				140E758B1515E1D10020D692 /* BrandAnalysisDetail.h */,
				140E758C1515E1D10020D692 /* BrandAnalysisDetail.m */,
				140E758D1515E1D10020D692 /* BrandAnalysisDetail.xib */,
				04B9D1F3151E99C40005229A /* FirstSheetView.h */,
				04B9D1F4151E99C50005229A /* FirstSheetView.m */,
			);
			name = GraphView;
			sourceTree = "<group>";
		};
		140E75101515DE370020D692 /* CorePlotHeaders */ = {
			isa = PBXGroup;
			children = (
				140E75111515DE370020D692 /* _CPTConstraintsFixed.h */,
				140E75121515DE370020D692 /* _CPTConstraintsRelative.h */,
				140E75131515DE370020D692 /* _CPTDarkGradientTheme.h */,
				140E75141515DE370020D692 /* _CPTFillColor.h */,
				140E75151515DE370020D692 /* _CPTFillGradient.h */,
				140E75161515DE370020D692 /* _CPTFillImage.h */,
				140E75171515DE370020D692 /* _CPTPlainBlackTheme.h */,
				140E75181515DE370020D692 /* _CPTPlainWhiteTheme.h */,
				140E75191515DE370020D692 /* _CPTSlateTheme.h */,
				140E751A1515DE370020D692 /* _CPTStocksTheme.h */,
				140E751B1515DE370020D692 /* _CPTXYTheme.h */,
				140E751C1515DE370020D692 /* CorePlot-CocoaTouch.h */,
				140E751D1515DE370020D692 /* CPTAnnotation.h */,
				140E751E1515DE370020D692 /* CPTAnnotationHostLayer.h */,
				140E751F1515DE370020D692 /* CPTAxis.h */,
				140E75201515DE370020D692 /* CPTAxisLabel.h */,
				140E75211515DE370020D692 /* CPTAxisLabelGroup.h */,
				140E75221515DE370020D692 /* CPTAxisSet.h */,
				140E75231515DE370020D692 /* CPTAxisTitle.h */,
				140E75241515DE370020D692 /* CPTBarPlot.h */,
				140E75251515DE370020D692 /* CPTBorderedLayer.h */,
				140E75261515DE370020D692 /* CPTColor.h */,
				140E75271515DE370020D692 /* CPTColorSpace.h */,
				140E75281515DE370020D692 /* CPTConstraints.h */,
				140E75291515DE370020D692 /* CPTDefinitions.h */,
				140E752A1515DE370020D692 /* CPTExceptions.h */,
				140E752B1515DE370020D692 /* CPTFill.h */,
				140E752C1515DE370020D692 /* CPTGradient.h */,
				140E752D1515DE370020D692 /* CPTGraph.h */,
				140E752E1515DE370020D692 /* CPTGraphHostingView.h */,
				140E752F1515DE370020D692 /* CPTGridLineGroup.h */,
				140E75301515DE370020D692 /* CPTGridLines.h */,
				140E75311515DE370020D692 /* CPTImage.h */,
				140E75321515DE370020D692 /* CPTLayer.h */,
				140E75331515DE370020D692 /* CPTLayerAnnotation.h */,
				140E75341515DE370020D692 /* CPTLegend.h */,
				140E75351515DE370020D692 /* CPTLegendEntry.h */,
				140E75361515DE370020D692 /* CPTLimitBand.h */,
				140E75371515DE370020D692 /* CPTLineCap.h */,
				140E75381515DE370020D692 /* CPTLineStyle.h */,
				140E75391515DE370020D692 /* CPTMutableLineStyle.h */,
				140E753A1515DE370020D692 /* CPTMutableNumericData+TypeConversion.h */,
				140E753B1515DE370020D692 /* CPTMutableNumericData.h */,
				140E753C1515DE370020D692 /* CPTMutablePlotRange.h */,
				140E753D1515DE370020D692 /* CPTMutableShadow.h */,
				140E753E1515DE370020D692 /* CPTMutableTextStyle.h */,
				140E753F1515DE370020D692 /* CPTNumericData+TypeConversion.h */,
				140E75401515DE370020D692 /* CPTNumericData.h */,
				140E75411515DE370020D692 /* CPTNumericDataType.h */,
				140E75421515DE370020D692 /* CPTPathExtensions.h */,
				140E75431515DE370020D692 /* CPTPieChart.h */,
				140E75441515DE370020D692 /* CPTPlatformSpecificCategories.h */,
				140E75451515DE370020D692 /* CPTPlatformSpecificDefines.h */,
				140E75461515DE370020D692 /* CPTPlatformSpecificFunctions.h */,
				140E75471515DE370020D692 /* CPTPlot.h */,
				140E75481515DE370020D692 /* CPTPlotArea.h */,
				140E75491515DE370020D692 /* CPTPlotAreaFrame.h */,
				140E754A1515DE370020D692 /* CPTPlotGroup.h */,
				140E754B1515DE370020D692 /* CPTPlotRange.h */,
				140E754C1515DE370020D692 /* CPTPlotSpace.h */,
				140E754D1515DE370020D692 /* CPTPlotSpaceAnnotation.h */,
				140E754E1515DE370020D692 /* CPTPlotSymbol.h */,
				140E754F1515DE370020D692 /* CPTRangePlot.h */,
				140E75501515DE370020D692 /* CPTResponder.h */,
				140E75511515DE370020D692 /* CPTScatterPlot.h */,
				140E75521515DE370020D692 /* CPTShadow.h */,
				140E75531515DE370020D692 /* CPTTextLayer.h */,
				140E75541515DE370020D692 /* CPTTextStyle.h */,
				140E75551515DE370020D692 /* CPTTheme.h */,
				140E75561515DE370020D692 /* CPTTimeFormatter.h */,
				140E75571515DE370020D692 /* CPTTradingRangePlot.h */,
				140E75581515DE370020D692 /* CPTUtilities.h */,
				140E75591515DE370020D692 /* CPTXYAxis.h */,
				140E755A1515DE370020D692 /* CPTXYAxisSet.h */,
				140E755B1515DE370020D692 /* CPTXYGraph.h */,
				140E755C1515DE370020D692 /* CPTXYPlotSpace.h */,
				140E755D1515DE370020D692 /* NSCoderExtensions.h */,
				140E755E1515DE370020D692 /* NSDecimalNumberExtensions.h */,
				140E755F1515DE370020D692 /* NSNumberExtensions.h */,
			);
			path = CorePlotHeaders;
			sourceTree = "<group>";
		};
		BF7C6A92151B3755004B1897 /* CYDrawing */ = {
			isa = PBXGroup;
			children = (
				BF7C6A8E151B3673004B1897 /* CYCompareGraph.h */,
				BF7C6A8F151B3673004B1897 /* CYCompareGraph.m */,
			);
			name = CYDrawing;
			sourceTree = "<group>";
		};
		BF8F554F15146C8C00E65690 /* MainView */ = {
			isa = PBXGroup;
			children = (
				140E75B91515E9D00020D692 /* PassengerViewController.h */,
				140E75BA1515E9D00020D692 /* PassengerViewController.m */,
				140E75BB1515E9D10020D692 /* PassengerViewController.xib */,
				140E75B41515E8C70020D692 /* RankViewController.h */,
				140E75B51515E8C70020D692 /* RankViewController.m */,
				140E75B61515E8C70020D692 /* RankViewController.xib */,
				140E75A41515E2FE0020D692 /* StoreViewController.h */,
				140E75A51515E2FE0020D692 /* StoreViewController.m */,
				140E75A61515E2FE0020D692 /* StoreViewController.xib */,
				140E75851515E16F0020D692 /* BrandViewController.h */,
				140E75861515E16F0020D692 /* BrandViewController.m */,
				140E75871515E16F0020D692 /* BrandViewController.xib */,
				140E750B1515DE070020D692 /* TrendViewController.h */,
				140E750C1515DE070020D692 /* TrendViewController.m */,
				140E750D1515DE070020D692 /* TrendViewController.xib */,
				BFFFE64C1510938B00DDB6E7 /* FirstViewController.h */,
				BFFFE64D1510938B00DDB6E7 /* FirstViewController.m */,
				BFFFE64E1510938B00DDB6E7 /* FirstViewController.xib */,
				BFFFE6561510955500DDB6E7 /* CategoryViewController.h */,
				BFFFE6571510955500DDB6E7 /* CategoryViewController.m */,
				BFFFE6581510955500DDB6E7 /* CategoryViewController.xib */,
				BFFFE65B1510957F00DDB6E7 /* CompareViewController.h */,
				BFFFE65C1510957F00DDB6E7 /* CompareViewController.m */,
				BFFFE65D1510957F00DDB6E7 /* CompareViewController.xib */,
			);
			name = MainView;
			sourceTree = "<group>";
		};
		BF8F559E15146D7D00E65690 /* Popover */ = {
			isa = PBXGroup;
			children = (
				BF8F559915146D6C00E65690 /* DatePickViewController.h */,
				BF8F559A15146D6C00E65690 /* DatePickViewController.m */,
				BF8F559B15146D6C00E65690 /* DatePickViewController.xib */,
				BFF032C51510CB980079BB8E /* AeraPickViewController.h */,
				BFF032C61510CB980079BB8E /* AeraPickViewController.m */,
				BFF032C71510CB980079BB8E /* AeraPickViewController.xib */,
				BF8F586B15147F4A00E65690 /* CycleViewController.h */,
				BF8F586C15147F4A00E65690 /* CycleViewController.m */,
				BF8F586D15147F4B00E65690 /* CycleViewController.xib */,
			);
			name = Popover;
			sourceTree = "<group>";
		};
		BF8F585315147A2400E65690 /* TapkuLibrary */ = {
			isa = PBXGroup;
			children = (
				BF8F585415147A2400E65690 /* NSDate+TKCategory.h */,
				BF8F585515147A2400E65690 /* NSDate+TKCategory.m */,
				BF8F585615147A2400E65690 /* TapkuLibrary.bundle */,
				BF8F585715147A2400E65690 /* TKCalendarMonthTableViewController.h */,
				BF8F585815147A2400E65690 /* TKCalendarMonthTableViewController.m */,
				BF8F585915147A2400E65690 /* TKCalendarMonthView.h */,
				BF8F585A15147A2400E65690 /* TKCalendarMonthView.m */,
				BF8F585B15147A2400E65690 /* TKCalendarMonthViewController.h */,
				BF8F585C15147A2400E65690 /* TKCalendarMonthViewController.m */,
				BF8F585D15147A2400E65690 /* TKGlobal.h */,
				BF8F585E15147A2400E65690 /* TKGlobal.m */,
				BF8F585F15147A2400E65690 /* UIImage+TKCategory.h */,
				BF8F586015147A2400E65690 /* UIImage+TKCategory.m */,
				BF8F586115147A2400E65690 /* UIView+TKCategory.h */,
				BF8F586215147A2400E65690 /* UIView+TKCategory.m */,
			);
			path = TapkuLibrary;
			sourceTree = "<group>";
		};
		BF9ACF04152070C30093BF54 /* image */ = {
			isa = PBXGroup;
			children = (
				BF9ACF0215206F180093BF54 /* logo.png */,
				BF9ACEFF15206ECE0093BF54 /* logo@2x.png */,
			);
			name = image;
			sourceTree = "<group>";
		};
		BFFFE5DB15108D3600DDB6E7 = {
			isa = PBXGroup;
			children = (
				BFFFE5F015108D3600DDB6E7 /* IPVA */,
				BFFFE5E915108D3600DDB6E7 /* Frameworks */,
				BFFFE5E715108D3600DDB6E7 /* Products */,
			);
			sourceTree = "<group>";
		};
		BFFFE5E715108D3600DDB6E7 /* Products */ = {
			isa = PBXGroup;
			children = (
				BFFFE5E615108D3600DDB6E7 /* IPVA.app */,
			);
			name = Products;
			sourceTree = "<group>";
		};
		BFFFE5E915108D3600DDB6E7 /* Frameworks */ = {
			isa = PBXGroup;
			children = (
				140E75101515DE370020D692 /* CorePlotHeaders */,
				BF8F585315147A2400E65690 /* TapkuLibrary */,
				140E75601515DE370020D692 /* libCorePlot-CocoaTouch.a */,
				BF8F565515146E7200E65690 /* QuartzCore.framework */,
				BFFFE5EA15108D3600DDB6E7 /* UIKit.framework */,
				BFFFE5EC15108D3600DDB6E7 /* Foundation.framework */,
				BFFFE5EE15108D3600DDB6E7 /* CoreGraphics.framework */,
			);
			name = Frameworks;
			sourceTree = "<group>";
		};
		BFFFE5F015108D3600DDB6E7 /* IPVA */ = {
			isa = PBXGroup;
			children = (
				140E75061515DCF10020D692 /* GraphAndSheet */,
				BFFFE5F915108D3600DDB6E7 /* AppDelegate.h */,
				BFFFE5FA15108D3600DDB6E7 /* AppDelegate.m */,
				BFFFE61515108FF100DDB6E7 /* LoginViewController.h */,
				BFFFE61615108FF100DDB6E7 /* LoginViewController.m */,
				BFFFE61715108FF200DDB6E7 /* LoginViewController.xib */,
				BF7C6A92151B3755004B1897 /* CYDrawing */,
				BF8F559E15146D7D00E65690 /* Popover */,
				BF8F554F15146C8C00E65690 /* MainView */,
				BFFFE5F115108D3600DDB6E7 /* Supporting Files */,
			);
			path = IPVA;
			sourceTree = "<group>";
		};
		BFFFE5F115108D3600DDB6E7 /* Supporting Files */ = {
			isa = PBXGroup;
			children = (
				BF9ACF04152070C30093BF54 /* image */,
				04B7B55415196508003FB57F /* unit.png */,
				BFFFE5F215108D3600DDB6E7 /* IPVA-Info.plist */,
				BFFFE5F315108D3600DDB6E7 /* InfoPlist.strings */,
				BFFFE5F615108D3600DDB6E7 /* main.m */,
				BFFFE5F815108D3600DDB6E7 /* IPVA-Prefix.pch */,
				BFD43798151096FC00277D21 /* mainWindow.xib */,
			);
			name = "Supporting Files";
			sourceTree = "<group>";
		};
/* End PBXGroup section */

/* Begin PBXNativeTarget section */
		BFFFE5E515108D3600DDB6E7 /* IPVA */ = {
			isa = PBXNativeTarget;
			buildConfigurationList = BFFFE61215108D3600DDB6E7 /* Build configuration list for PBXNativeTarget "IPVA" */;
			buildPhases = (
				BFFFE5E215108D3600DDB6E7 /* Sources */,
				BFFFE5E315108D3600DDB6E7 /* Frameworks */,
				BFFFE5E415108D3600DDB6E7 /* Resources */,
			);
			buildRules = (
			);
			dependencies = (
			);
			name = IPVA;
			productName = IPVA;
			productReference = BFFFE5E615108D3600DDB6E7 /* IPVA.app */;
			productType = "com.apple.product-type.application";
		};
/* End PBXNativeTarget section */

/* Begin PBXProject section */
		BFFFE5DD15108D3600DDB6E7 /* Project object */ = {
			isa = PBXProject;
			attributes = {
				LastUpgradeCheck = 0430;
			};
			buildConfigurationList = BFFFE5E015108D3600DDB6E7 /* Build configuration list for PBXProject "IPVA" */;
			compatibilityVersion = "Xcode 3.2";
			developmentRegion = English;
			hasScannedForEncodings = 0;
			knownRegions = (
				en,
			);
			mainGroup = BFFFE5DB15108D3600DDB6E7;
			productRefGroup = BFFFE5E715108D3600DDB6E7 /* Products */;
			projectDirPath = "";
			projectRoot = "";
			targets = (
				BFFFE5E515108D3600DDB6E7 /* IPVA */,
			);
		};
/* End PBXProject section */

/* Begin PBXResourcesBuildPhase section */
		BFFFE5E415108D3600DDB6E7 /* Resources */ = {
			isa = PBXResourcesBuildPhase;
			buildActionMask = 2147483647;
			files = (
				BFFFE5F515108D3600DDB6E7 /* InfoPlist.strings in Resources */,
				BFFFE61915108FF200DDB6E7 /* LoginViewController.xib in Resources */,
				BFFFE6501510938B00DDB6E7 /* FirstViewController.xib in Resources */,
				BFFFE65A1510955500DDB6E7 /* CategoryViewController.xib in Resources */,
				BFFFE65F1510957F00DDB6E7 /* CompareViewController.xib in Resources */,
				BFD43799151096FC00277D21 /* mainWindow.xib in Resources */,
				BFF032C91510CB980079BB8E /* AeraPickViewController.xib in Resources */,
				BF8F559D15146D6C00E65690 /* DatePickViewController.xib in Resources */,
				BF8F586415147A2400E65690 /* TapkuLibrary.bundle in Resources */,
				BF8F586F15147F4B00E65690 /* CycleViewController.xib in Resources */,
				140E750F1515DE070020D692 /* TrendViewController.xib in Resources */,
				140E75891515E16F0020D692 /* BrandViewController.xib in Resources */,
				140E759B1515E1D10020D692 /* BrandAnalysisDetail.xib in Resources */,
				140E75A81515E2FE0020D692 /* StoreViewController.xib in Resources */,
				140E75B81515E8C70020D692 /* RankViewController.xib in Resources */,
				140E75BD1515E9D10020D692 /* PassengerViewController.xib in Resources */,
				04B7B55515196508003FB57F /* unit.png in Resources */,
				BF9ACF0015206ECE0093BF54 /* logo@2x.png in Resources */,
				BF9ACF0315206F180093BF54 /* logo.png in Resources */,
			);
			runOnlyForDeploymentPostprocessing = 0;
		};
/* End PBXResourcesBuildPhase section */

/* Begin PBXSourcesBuildPhase section */
		BFFFE5E215108D3600DDB6E7 /* Sources */ = {
			isa = PBXSourcesBuildPhase;
			buildActionMask = 2147483647;
			files = (
				BFFFE5F715108D3600DDB6E7 /* main.m in Sources */,
				BFFFE5FB15108D3600DDB6E7 /* AppDelegate.m in Sources */,
				BFFFE61815108FF200DDB6E7 /* LoginViewController.m in Sources */,
				BFFFE64F1510938B00DDB6E7 /* FirstViewController.m in Sources */,
				BFFFE6591510955500DDB6E7 /* CategoryViewController.m in Sources */,
				BFFFE65E1510957F00DDB6E7 /* CompareViewController.m in Sources */,
				BFF032C81510CB980079BB8E /* AeraPickViewController.m in Sources */,
				BF8F559C15146D6C00E65690 /* DatePickViewController.m in Sources */,
				BF8F586315147A2400E65690 /* NSDate+TKCategory.m in Sources */,
				BF8F586515147A2400E65690 /* TKCalendarMonthTableViewController.m in Sources */,
				BF8F586615147A2400E65690 /* TKCalendarMonthView.m in Sources */,
				BF8F586715147A2400E65690 /* TKCalendarMonthViewController.m in Sources */,
				BF8F586815147A2400E65690 /* TKGlobal.m in Sources */,
				BF8F586915147A2400E65690 /* UIImage+TKCategory.m in Sources */,
				BF8F586A15147A2400E65690 /* UIView+TKCategory.m in Sources */,
				BF8F586E15147F4B00E65690 /* CycleViewController.m in Sources */,
				140E750E1515DE070020D692 /* TrendViewController.m in Sources */,
				140E757C1515DF580020D692 /* BrandAnalysisData.m in Sources */,
				140E757D1515DF580020D692 /* BrandAnalysisDetailData.m in Sources */,
				140E757E1515DF580020D692 /* IpvaSheetData.m in Sources */,
				140E757F1515DF580020D692 /* LeadingStoreData.m in Sources */,
				140E75881515E16F0020D692 /* BrandViewController.m in Sources */,
				140E759A1515E1D10020D692 /* BrandAnalysisDetail.m in Sources */,
				140E75A71515E2FE0020D692 /* StoreViewController.m in Sources */,
				140E75B71515E8C70020D692 /* RankViewController.m in Sources */,
				140E75BC1515E9D10020D692 /* PassengerViewController.m in Sources */,
				04B7B55F151974A4003FB57F /* SheetView.m in Sources */,
				BF7C6A90151B3673004B1897 /* CYCompareGraph.m in Sources */,
				04B9D1E2151DD5670005229A /* StoreSheetView.m in Sources */,
				04B9D1EC151E0B1C0005229A /* BrandDetailSheetView.m in Sources */,
				04B9D1EF151E87550005229A /* RankSheetView.m in Sources */,
				04B9D1F5151E99C50005229A /* FirstSheetView.m in Sources */,
			);
			runOnlyForDeploymentPostprocessing = 0;
		};
/* End PBXSourcesBuildPhase section */

/* Begin PBXVariantGroup section */
		BFFFE5F315108D3600DDB6E7 /* InfoPlist.strings */ = {
			isa = PBXVariantGroup;
			children = (
				BFFFE5F415108D3600DDB6E7 /* en */,
			);
			name = InfoPlist.strings;
			sourceTree = "<group>";
		};
/* End PBXVariantGroup section */

/* Begin XCBuildConfiguration section */
		BFFFE61015108D3600DDB6E7 /* Debug */ = {
			isa = XCBuildConfiguration;
			buildSettings = {
				ALWAYS_SEARCH_USER_PATHS = NO;
				ARCHS = "$(ARCHS_STANDARD_32_BIT)";
				"CODE_SIGN_IDENTITY[sdk=iphoneos*]" = "iPhone Developer";
				COPY_PHASE_STRIP = NO;
				GCC_C_LANGUAGE_STANDARD = gnu99;
				GCC_DYNAMIC_NO_PIC = NO;
				GCC_OPTIMIZATION_LEVEL = 0;
				GCC_PREPROCESSOR_DEFINITIONS = (
					"DEBUG=1",
					"$(inherited)",
				);
				GCC_SYMBOLS_PRIVATE_EXTERN = NO;
				GCC_VERSION = com.apple.compilers.llvm.clang.1_0;
				GCC_WARN_ABOUT_RETURN_TYPE = YES;
				GCC_WARN_UNINITIALIZED_AUTOS = YES;
				GCC_WARN_UNUSED_VARIABLE = YES;
				IPHONEOS_DEPLOYMENT_TARGET = 5.1;
				SDKROOT = iphoneos;
				TARGETED_DEVICE_FAMILY = 2;
			};
			name = Debug;
		};
		BFFFE61115108D3600DDB6E7 /* Release */ = {
			isa = XCBuildConfiguration;
			buildSettings = {
				ALWAYS_SEARCH_USER_PATHS = NO;
				ARCHS = "$(ARCHS_STANDARD_32_BIT)";
				"CODE_SIGN_IDENTITY[sdk=iphoneos*]" = "iPhone Developer";
				COPY_PHASE_STRIP = YES;
				GCC_C_LANGUAGE_STANDARD = gnu99;
				GCC_VERSION = com.apple.compilers.llvm.clang.1_0;
				GCC_WARN_ABOUT_RETURN_TYPE = YES;
				GCC_WARN_UNINITIALIZED_AUTOS = YES;
				GCC_WARN_UNUSED_VARIABLE = YES;
				IPHONEOS_DEPLOYMENT_TARGET = 5.1;
				OTHER_CFLAGS = "-DNS_BLOCK_ASSERTIONS=1";
				SDKROOT = iphoneos;
				TARGETED_DEVICE_FAMILY = 2;
				VALIDATE_PRODUCT = YES;
			};
			name = Release;
		};
		BFFFE61315108D3600DDB6E7 /* Debug */ = {
			isa = XCBuildConfiguration;
			buildSettings = {
				GCC_PRECOMPILE_PREFIX_HEADER = YES;
				GCC_PREFIX_HEADER = "IPVA/IPVA-Prefix.pch";
				HEADER_SEARCH_PATHS = "";
				INFOPLIST_FILE = "IPVA/IPVA-Info.plist";
				IPHONEOS_DEPLOYMENT_TARGET = 4.3;
				LIBRARY_SEARCH_PATHS = (
					"$(inherited)",
					"\"$(SRCROOT)\"",
				);
				OTHER_LDFLAGS = (
					"-ObjC",
					"-all_load",
				);
				PRODUCT_NAME = "$(TARGET_NAME)";
				WRAPPER_EXTENSION = app;
			};
			name = Debug;
		};
		BFFFE61415108D3600DDB6E7 /* Release */ = {
			isa = XCBuildConfiguration;
			buildSettings = {
				GCC_PRECOMPILE_PREFIX_HEADER = YES;
				GCC_PREFIX_HEADER = "IPVA/IPVA-Prefix.pch";
				HEADER_SEARCH_PATHS = "";
				INFOPLIST_FILE = "IPVA/IPVA-Info.plist";
				IPHONEOS_DEPLOYMENT_TARGET = 4.3;
				LIBRARY_SEARCH_PATHS = (
					"$(inherited)",
					"\"$(SRCROOT)\"",
				);
				OTHER_LDFLAGS = (
					"-ObjC",
					"-all_load",
				);
				PRODUCT_NAME = "$(TARGET_NAME)";
				WRAPPER_EXTENSION = app;
			};
			name = Release;
		};
/* End XCBuildConfiguration section */

/* Begin XCConfigurationList section */
		BFFFE5E015108D3600DDB6E7 /* Build configuration list for PBXProject "IPVA" */ = {
			isa = XCConfigurationList;
			buildConfigurations = (
				BFFFE61015108D3600DDB6E7 /* Debug */,
				BFFFE61115108D3600DDB6E7 /* Release */,
			);
			defaultConfigurationIsVisible = 0;
			defaultConfigurationName = Release;
		};
		BFFFE61215108D3600DDB6E7 /* Build configuration list for PBXNativeTarget "IPVA" */ = {
			isa = XCConfigurationList;
			buildConfigurations = (
				BFFFE61315108D3600DDB6E7 /* Debug */,
				BFFFE61415108D3600DDB6E7 /* Release */,
			);
			defaultConfigurationIsVisible = 0;
			defaultConfigurationName = Release;
		};
/* End XCConfigurationList section */
	};
	rootObject = BFFFE5DD15108D3600DDB6E7 /* Project object */;
}
