// !$*UTF8*$!
{
	archiveVersion = 1;
	classes = {
	};
	objectVersion = 46;
	objects = {

/* Begin PBXBuildFile section */
		BF8F559C15146D6C00E65690 /* DatePickViewController.m in Sources */ = {isa = PBXBuildFile; fileRef = BF8F559A15146D6C00E65690 /* DatePickViewController.m */; };
		BF8F559D15146D6C00E65690 /* DatePickViewController.xib in Resources */ = {isa = PBXBuildFile; fileRef = BF8F559B15146D6C00E65690 /* DatePickViewController.xib */; };
		BF8F565615146E7200E65690 /* QuartzCore.framework in Frameworks */ = {isa = PBXBuildFile; fileRef = BF8F565515146E7200E65690 /* QuartzCore.framework */; };
		BF8F586315147A2400E65690 /* NSDate+TKCategory.m in Sources */ = {isa = PBXBuildFile; fileRef = BF8F585515147A2400E65690 /* NSDate+TKCategory.m */; };
		BF8F586415147A2400E65690 /* TapkuLibrary.bundle in Resources */ = {isa = PBXBuildFile; fileRef = BF8F585615147A2400E65690 /* TapkuLibrary.bundle */; };
		BF8F586515147A2400E65690 /* TKCalendarMonthTableViewController.m in Sources */ = {isa = PBXBuildFile; fileRef = BF8F585815147A2400E65690 /* TKCalendarMonthTableViewController.m */; };
		BF8F586615147A2400E65690 /* TKCalendarMonthView.m in Sources */ = {isa = PBXBuildFile; fileRef = BF8F585A15147A2400E65690 /* TKCalendarMonthView.m */; };
		BF8F586715147A2400E65690 /* TKCalendarMonthViewController.m in Sources */ = {isa = PBXBuildFile; fileRef = BF8F585C15147A2400E65690 /* TKCalendarMonthViewController.m */; };
		BF8F586815147A2400E65690 /* TKGlobal.m in Sources */ = {isa = PBXBuildFile; fileRef = BF8F585E15147A2400E65690 /* TKGlobal.m */; };
		BF8F586915147A2400E65690 /* UIImage+TKCategory.m in Sources */ = {isa = PBXBuildFile; fileRef = BF8F586015147A2400E65690 /* UIImage+TKCategory.m */; };
		BF8F586A15147A2400E65690 /* UIView+TKCategory.m in Sources */ = {isa = PBXBuildFile; fileRef = BF8F586215147A2400E65690 /* UIView+TKCategory.m */; };
		BF8F586E15147F4B00E65690 /* CycleViewController.m in Sources */ = {isa = PBXBuildFile; fileRef = BF8F586C15147F4A00E65690 /* CycleViewController.m */; };
		BF8F586F15147F4B00E65690 /* CycleViewController.xib in Resources */ = {isa = PBXBuildFile; fileRef = BF8F586D15147F4B00E65690 /* CycleViewController.xib */; };
		BFD43799151096FC00277D21 /* mainWindow.xib in Resources */ = {isa = PBXBuildFile; fileRef = BFD43798151096FC00277D21 /* mainWindow.xib */; };
		BFF032C81510CB980079BB8E /* AeraPickViewController.m in Sources */ = {isa = PBXBuildFile; fileRef = BFF032C61510CB980079BB8E /* AeraPickViewController.m */; };
		BFF032C91510CB980079BB8E /* AeraPickViewController.xib in Resources */ = {isa = PBXBuildFile; fileRef = BFF032C71510CB980079BB8E /* AeraPickViewController.xib */; };
		BFFFE5EB15108D3600DDB6E7 /* UIKit.framework in Frameworks */ = {isa = PBXBuildFile; fileRef = BFFFE5EA15108D3600DDB6E7 /* UIKit.framework */; };
		BFFFE5ED15108D3600DDB6E7 /* Foundation.framework in Frameworks */ = {isa = PBXBuildFile; fileRef = BFFFE5EC15108D3600DDB6E7 /* Foundation.framework */; };
		BFFFE5EF15108D3600DDB6E7 /* CoreGraphics.framework in Frameworks */ = {isa = PBXBuildFile; fileRef = BFFFE5EE15108D3600DDB6E7 /* CoreGraphics.framework */; };
		BFFFE5F515108D3600DDB6E7 /* InfoPlist.strings in Resources */ = {isa = PBXBuildFile; fileRef = BFFFE5F315108D3600DDB6E7 /* InfoPlist.strings */; };
		BFFFE5F715108D3600DDB6E7 /* main.m in Sources */ = {isa = PBXBuildFile; fileRef = BFFFE5F615108D3600DDB6E7 /* main.m */; };
		BFFFE5FB15108D3600DDB6E7 /* AppDelegate.m in Sources */ = {isa = PBXBuildFile; fileRef = BFFFE5FA15108D3600DDB6E7 /* AppDelegate.m */; };
		BFFFE61815108FF200DDB6E7 /* LoginViewController.m in Sources */ = {isa = PBXBuildFile; fileRef = BFFFE61615108FF100DDB6E7 /* LoginViewController.m */; };
		BFFFE61915108FF200DDB6E7 /* LoginViewController.xib in Resources */ = {isa = PBXBuildFile; fileRef = BFFFE61715108FF200DDB6E7 /* LoginViewController.xib */; };
		BFFFE64F1510938B00DDB6E7 /* FirstViewController.m in Sources */ = {isa = PBXBuildFile; fileRef = BFFFE64D1510938B00DDB6E7 /* FirstViewController.m */; };
		BFFFE6501510938B00DDB6E7 /* FirstViewController.xib in Resources */ = {isa = PBXBuildFile; fileRef = BFFFE64E1510938B00DDB6E7 /* FirstViewController.xib */; };
		BFFFE654151093C900DDB6E7 /* TrendViewController.m in Sources */ = {isa = PBXBuildFile; fileRef = BFFFE652151093C900DDB6E7 /* TrendViewController.m */; };
		BFFFE655151093C900DDB6E7 /* TrendViewController.xib in Resources */ = {isa = PBXBuildFile; fileRef = BFFFE653151093C900DDB6E7 /* TrendViewController.xib */; };
		BFFFE6591510955500DDB6E7 /* CategoryViewController.m in Sources */ = {isa = PBXBuildFile; fileRef = BFFFE6571510955500DDB6E7 /* CategoryViewController.m */; };
		BFFFE65A1510955500DDB6E7 /* CategoryViewController.xib in Resources */ = {isa = PBXBuildFile; fileRef = BFFFE6581510955500DDB6E7 /* CategoryViewController.xib */; };
		BFFFE65E1510957F00DDB6E7 /* CompareViewController.m in Sources */ = {isa = PBXBuildFile; fileRef = BFFFE65C1510957F00DDB6E7 /* CompareViewController.m */; };
		BFFFE65F1510957F00DDB6E7 /* CompareViewController.xib in Resources */ = {isa = PBXBuildFile; fileRef = BFFFE65D1510957F00DDB6E7 /* CompareViewController.xib */; };
		BFFFE663151095AE00DDB6E7 /* BrandViewController.m in Sources */ = {isa = PBXBuildFile; fileRef = BFFFE661151095AE00DDB6E7 /* BrandViewController.m */; };
		BFFFE664151095AE00DDB6E7 /* BrandViewController.xib in Resources */ = {isa = PBXBuildFile; fileRef = BFFFE662151095AE00DDB6E7 /* BrandViewController.xib */; };
		BFFFE668151095CA00DDB6E7 /* StoreViewController.m in Sources */ = {isa = PBXBuildFile; fileRef = BFFFE666151095CA00DDB6E7 /* StoreViewController.m */; };
		BFFFE669151095CA00DDB6E7 /* StoreViewController.xib in Resources */ = {isa = PBXBuildFile; fileRef = BFFFE667151095CA00DDB6E7 /* StoreViewController.xib */; };
/* End PBXBuildFile section */

/* Begin PBXFileReference section */
		BF8F559915146D6C00E65690 /* DatePickViewController.h */ = {isa = PBXFileReference; fileEncoding = 4; lastKnownFileType = sourcecode.c.h; path = DatePickViewController.h; sourceTree = "<group>"; };
		BF8F559A15146D6C00E65690 /* DatePickViewController.m */ = {isa = PBXFileReference; fileEncoding = 4; lastKnownFileType = sourcecode.c.objc; path = DatePickViewController.m; sourceTree = "<group>"; };
		BF8F559B15146D6C00E65690 /* DatePickViewController.xib */ = {isa = PBXFileReference; fileEncoding = 4; lastKnownFileType = file.xib; path = DatePickViewController.xib; sourceTree = "<group>"; };
		BF8F565515146E7200E65690 /* QuartzCore.framework */ = {isa = PBXFileReference; lastKnownFileType = wrapper.framework; name = QuartzCore.framework; path = System/Library/Frameworks/QuartzCore.framework; sourceTree = SDKROOT; };
		BF8F585415147A2400E65690 /* NSDate+TKCategory.h */ = {isa = PBXFileReference; fileEncoding = 4; lastKnownFileType = sourcecode.c.h; path = "NSDate+TKCategory.h"; sourceTree = "<group>"; };
		BF8F585515147A2400E65690 /* NSDate+TKCategory.m */ = {isa = PBXFileReference; fileEncoding = 4; lastKnownFileType = sourcecode.c.objc; path = "NSDate+TKCategory.m"; sourceTree = "<group>"; };
		BF8F585615147A2400E65690 /* TapkuLibrary.bundle */ = {isa = PBXFileReference; lastKnownFileType = "wrapper.plug-in"; path = TapkuLibrary.bundle; sourceTree = "<group>"; };
		BF8F585715147A2400E65690 /* TKCalendarMonthTableViewController.h */ = {isa = PBXFileReference; fileEncoding = 4; lastKnownFileType = sourcecode.c.h; path = TKCalendarMonthTableViewController.h; sourceTree = "<group>"; };
		BF8F585815147A2400E65690 /* TKCalendarMonthTableViewController.m */ = {isa = PBXFileReference; fileEncoding = 4; lastKnownFileType = sourcecode.c.objc; path = TKCalendarMonthTableViewController.m; sourceTree = "<group>"; };
		BF8F585915147A2400E65690 /* TKCalendarMonthView.h */ = {isa = PBXFileReference; fileEncoding = 4; lastKnownFileType = sourcecode.c.h; path = TKCalendarMonthView.h; sourceTree = "<group>"; };
		BF8F585A15147A2400E65690 /* TKCalendarMonthView.m */ = {isa = PBXFileReference; fileEncoding = 4; lastKnownFileType = sourcecode.c.objc; path = TKCalendarMonthView.m; sourceTree = "<group>"; };
		BF8F585B15147A2400E65690 /* TKCalendarMonthViewController.h */ = {isa = PBXFileReference; fileEncoding = 4; lastKnownFileType = sourcecode.c.h; path = TKCalendarMonthViewController.h; sourceTree = "<group>"; };
		BF8F585C15147A2400E65690 /* TKCalendarMonthViewController.m */ = {isa = PBXFileReference; fileEncoding = 4; lastKnownFileType = sourcecode.c.objc; path = TKCalendarMonthViewController.m; sourceTree = "<group>"; };
		BF8F585D15147A2400E65690 /* TKGlobal.h */ = {isa = PBXFileReference; fileEncoding = 4; lastKnownFileType = sourcecode.c.h; path = TKGlobal.h; sourceTree = "<group>"; };
		BF8F585E15147A2400E65690 /* TKGlobal.m */ = {isa = PBXFileReference; fileEncoding = 4; lastKnownFileType = sourcecode.c.objc; path = TKGlobal.m; sourceTree = "<group>"; };
		BF8F585F15147A2400E65690 /* UIImage+TKCategory.h */ = {isa = PBXFileReference; fileEncoding = 4; lastKnownFileType = sourcecode.c.h; path = "UIImage+TKCategory.h"; sourceTree = "<group>"; };
		BF8F586015147A2400E65690 /* UIImage+TKCategory.m */ = {isa = PBXFileReference; fileEncoding = 4; lastKnownFileType = sourcecode.c.objc; path = "UIImage+TKCategory.m"; sourceTree = "<group>"; };
		BF8F586115147A2400E65690 /* UIView+TKCategory.h */ = {isa = PBXFileReference; fileEncoding = 4; lastKnownFileType = sourcecode.c.h; path = "UIView+TKCategory.h"; sourceTree = "<group>"; };
		BF8F586215147A2400E65690 /* UIView+TKCategory.m */ = {isa = PBXFileReference; fileEncoding = 4; lastKnownFileType = sourcecode.c.objc; path = "UIView+TKCategory.m"; sourceTree = "<group>"; };
		BF8F586B15147F4A00E65690 /* CycleViewController.h */ = {isa = PBXFileReference; fileEncoding = 4; lastKnownFileType = sourcecode.c.h; path = CycleViewController.h; sourceTree = "<group>"; };
		BF8F586C15147F4A00E65690 /* CycleViewController.m */ = {isa = PBXFileReference; fileEncoding = 4; lastKnownFileType = sourcecode.c.objc; path = CycleViewController.m; sourceTree = "<group>"; };
		BF8F586D15147F4B00E65690 /* CycleViewController.xib */ = {isa = PBXFileReference; fileEncoding = 4; lastKnownFileType = file.xib; path = CycleViewController.xib; sourceTree = "<group>"; };
		BFD43798151096FC00277D21 /* mainWindow.xib */ = {isa = PBXFileReference; fileEncoding = 4; lastKnownFileType = file.xib; path = mainWindow.xib; sourceTree = "<group>"; };
		BFF032C51510CB980079BB8E /* AeraPickViewController.h */ = {isa = PBXFileReference; fileEncoding = 4; lastKnownFileType = sourcecode.c.h; path = AeraPickViewController.h; sourceTree = "<group>"; };
		BFF032C61510CB980079BB8E /* AeraPickViewController.m */ = {isa = PBXFileReference; fileEncoding = 4; lastKnownFileType = sourcecode.c.objc; path = AeraPickViewController.m; sourceTree = "<group>"; };
		BFF032C71510CB980079BB8E /* AeraPickViewController.xib */ = {isa = PBXFileReference; fileEncoding = 4; lastKnownFileType = file.xib; path = AeraPickViewController.xib; sourceTree = "<group>"; };
		BFFFE5E615108D3600DDB6E7 /* IPVA.app */ = {isa = PBXFileReference; explicitFileType = wrapper.application; includeInIndex = 0; path = IPVA.app; sourceTree = BUILT_PRODUCTS_DIR; };
		BFFFE5EA15108D3600DDB6E7 /* UIKit.framework */ = {isa = PBXFileReference; lastKnownFileType = wrapper.framework; name = UIKit.framework; path = System/Library/Frameworks/UIKit.framework; sourceTree = SDKROOT; };
		BFFFE5EC15108D3600DDB6E7 /* Foundation.framework */ = {isa = PBXFileReference; lastKnownFileType = wrapper.framework; name = Foundation.framework; path = System/Library/Frameworks/Foundation.framework; sourceTree = SDKROOT; };
		BFFFE5EE15108D3600DDB6E7 /* CoreGraphics.framework */ = {isa = PBXFileReference; lastKnownFileType = wrapper.framework; name = CoreGraphics.framework; path = System/Library/Frameworks/CoreGraphics.framework; sourceTree = SDKROOT; };
		BFFFE5F215108D3600DDB6E7 /* IPVA-Info.plist */ = {isa = PBXFileReference; lastKnownFileType = text.plist.xml; path = "IPVA-Info.plist"; sourceTree = "<group>"; };
		BFFFE5F415108D3600DDB6E7 /* en */ = {isa = PBXFileReference; lastKnownFileType = text.plist.strings; name = en; path = en.lproj/InfoPlist.strings; sourceTree = "<group>"; };
		BFFFE5F615108D3600DDB6E7 /* main.m */ = {isa = PBXFileReference; lastKnownFileType = sourcecode.c.objc; path = main.m; sourceTree = "<group>"; };
		BFFFE5F815108D3600DDB6E7 /* IPVA-Prefix.pch */ = {isa = PBXFileReference; lastKnownFileType = sourcecode.c.h; path = "IPVA-Prefix.pch"; sourceTree = "<group>"; };
		BFFFE5F915108D3600DDB6E7 /* AppDelegate.h */ = {isa = PBXFileReference; lastKnownFileType = sourcecode.c.h; path = AppDelegate.h; sourceTree = "<group>"; };
		BFFFE5FA15108D3600DDB6E7 /* AppDelegate.m */ = {isa = PBXFileReference; lastKnownFileType = sourcecode.c.objc; path = AppDelegate.m; sourceTree = "<group>"; };
		BFFFE61515108FF100DDB6E7 /* LoginViewController.h */ = {isa = PBXFileReference; fileEncoding = 4; lastKnownFileType = sourcecode.c.h; path = LoginViewController.h; sourceTree = "<group>"; };
		BFFFE61615108FF100DDB6E7 /* LoginViewController.m */ = {isa = PBXFileReference; fileEncoding = 4; lastKnownFileType = sourcecode.c.objc; path = LoginViewController.m; sourceTree = "<group>"; };
		BFFFE61715108FF200DDB6E7 /* LoginViewController.xib */ = {isa = PBXFileReference; fileEncoding = 4; lastKnownFileType = file.xib; path = LoginViewController.xib; sourceTree = "<group>"; };
		BFFFE64C1510938B00DDB6E7 /* FirstViewController.h */ = {isa = PBXFileReference; fileEncoding = 4; lastKnownFileType = sourcecode.c.h; path = FirstViewController.h; sourceTree = "<group>"; };
		BFFFE64D1510938B00DDB6E7 /* FirstViewController.m */ = {isa = PBXFileReference; fileEncoding = 4; lastKnownFileType = sourcecode.c.objc; path = FirstViewController.m; sourceTree = "<group>"; };
		BFFFE64E1510938B00DDB6E7 /* FirstViewController.xib */ = {isa = PBXFileReference; fileEncoding = 4; lastKnownFileType = file.xib; path = FirstViewController.xib; sourceTree = "<group>"; };
		BFFFE651151093C900DDB6E7 /* TrendViewController.h */ = {isa = PBXFileReference; fileEncoding = 4; lastKnownFileType = sourcecode.c.h; path = TrendViewController.h; sourceTree = "<group>"; };
		BFFFE652151093C900DDB6E7 /* TrendViewController.m */ = {isa = PBXFileReference; fileEncoding = 4; lastKnownFileType = sourcecode.c.objc; path = TrendViewController.m; sourceTree = "<group>"; };
		BFFFE653151093C900DDB6E7 /* TrendViewController.xib */ = {isa = PBXFileReference; fileEncoding = 4; lastKnownFileType = file.xib; path = TrendViewController.xib; sourceTree = "<group>"; };
		BFFFE6561510955500DDB6E7 /* CategoryViewController.h */ = {isa = PBXFileReference; fileEncoding = 4; lastKnownFileType = sourcecode.c.h; path = CategoryViewController.h; sourceTree = "<group>"; };
		BFFFE6571510955500DDB6E7 /* CategoryViewController.m */ = {isa = PBXFileReference; fileEncoding = 4; lastKnownFileType = sourcecode.c.objc; path = CategoryViewController.m; sourceTree = "<group>"; };
		BFFFE6581510955500DDB6E7 /* CategoryViewController.xib */ = {isa = PBXFileReference; fileEncoding = 4; lastKnownFileType = file.xib; path = CategoryViewController.xib; sourceTree = "<group>"; };
		BFFFE65B1510957F00DDB6E7 /* CompareViewController.h */ = {isa = PBXFileReference; fileEncoding = 4; lastKnownFileType = sourcecode.c.h; path = CompareViewController.h; sourceTree = "<group>"; };
		BFFFE65C1510957F00DDB6E7 /* CompareViewController.m */ = {isa = PBXFileReference; fileEncoding = 4; lastKnownFileType = sourcecode.c.objc; path = CompareViewController.m; sourceTree = "<group>"; };
		BFFFE65D1510957F00DDB6E7 /* CompareViewController.xib */ = {isa = PBXFileReference; fileEncoding = 4; lastKnownFileType = file.xib; path = CompareViewController.xib; sourceTree = "<group>"; };
		BFFFE660151095AE00DDB6E7 /* BrandViewController.h */ = {isa = PBXFileReference; fileEncoding = 4; lastKnownFileType = sourcecode.c.h; path = BrandViewController.h; sourceTree = "<group>"; };
		BFFFE661151095AE00DDB6E7 /* BrandViewController.m */ = {isa = PBXFileReference; fileEncoding = 4; lastKnownFileType = sourcecode.c.objc; path = BrandViewController.m; sourceTree = "<group>"; };
		BFFFE662151095AE00DDB6E7 /* BrandViewController.xib */ = {isa = PBXFileReference; fileEncoding = 4; lastKnownFileType = file.xib; path = BrandViewController.xib; sourceTree = "<group>"; };
		BFFFE665151095CA00DDB6E7 /* StoreViewController.h */ = {isa = PBXFileReference; fileEncoding = 4; lastKnownFileType = sourcecode.c.h; path = StoreViewController.h; sourceTree = "<group>"; };
		BFFFE666151095CA00DDB6E7 /* StoreViewController.m */ = {isa = PBXFileReference; fileEncoding = 4; lastKnownFileType = sourcecode.c.objc; path = StoreViewController.m; sourceTree = "<group>"; };
		BFFFE667151095CA00DDB6E7 /* StoreViewController.xib */ = {isa = PBXFileReference; fileEncoding = 4; lastKnownFileType = file.xib; path = StoreViewController.xib; sourceTree = "<group>"; };
/* End PBXFileReference section */

/* Begin PBXFrameworksBuildPhase section */
		BFFFE5E315108D3600DDB6E7 /* Frameworks */ = {
			isa = PBXFrameworksBuildPhase;
			buildActionMask = 2147483647;
			files = (
				BF8F565615146E7200E65690 /* QuartzCore.framework in Frameworks */,
				BFFFE5EB15108D3600DDB6E7 /* UIKit.framework in Frameworks */,
				BFFFE5ED15108D3600DDB6E7 /* Foundation.framework in Frameworks */,
				BFFFE5EF15108D3600DDB6E7 /* CoreGraphics.framework in Frameworks */,
			);
			runOnlyForDeploymentPostprocessing = 0;
		};
/* End PBXFrameworksBuildPhase section */

/* Begin PBXGroup section */
		BF8F554F15146C8C00E65690 /* MainView */ = {
			isa = PBXGroup;
			children = (
				BFFFE64C1510938B00DDB6E7 /* FirstViewController.h */,
				BFFFE64D1510938B00DDB6E7 /* FirstViewController.m */,
				BFFFE64E1510938B00DDB6E7 /* FirstViewController.xib */,
				BFFFE651151093C900DDB6E7 /* TrendViewController.h */,
				BFFFE652151093C900DDB6E7 /* TrendViewController.m */,
				BFFFE653151093C900DDB6E7 /* TrendViewController.xib */,
				BFFFE6561510955500DDB6E7 /* CategoryViewController.h */,
				BFFFE6571510955500DDB6E7 /* CategoryViewController.m */,
				BFFFE6581510955500DDB6E7 /* CategoryViewController.xib */,
				BFFFE65B1510957F00DDB6E7 /* CompareViewController.h */,
				BFFFE65C1510957F00DDB6E7 /* CompareViewController.m */,
				BFFFE65D1510957F00DDB6E7 /* CompareViewController.xib */,
				BFFFE660151095AE00DDB6E7 /* BrandViewController.h */,
				BFFFE661151095AE00DDB6E7 /* BrandViewController.m */,
				BFFFE662151095AE00DDB6E7 /* BrandViewController.xib */,
				BFFFE665151095CA00DDB6E7 /* StoreViewController.h */,
				BFFFE666151095CA00DDB6E7 /* StoreViewController.m */,
				BFFFE667151095CA00DDB6E7 /* StoreViewController.xib */,
			);
			name = MainView;
			sourceTree = "<group>";
		};
		BF8F559E15146D7D00E65690 /* Popover */ = {
			isa = PBXGroup;
			children = (
				BF8F559915146D6C00E65690 /* DatePickViewController.h */,
				BF8F559A15146D6C00E65690 /* DatePickViewController.m */,
				BF8F559B15146D6C00E65690 /* DatePickViewController.xib */,
				BFF032C51510CB980079BB8E /* AeraPickViewController.h */,
				BFF032C61510CB980079BB8E /* AeraPickViewController.m */,
				BFF032C71510CB980079BB8E /* AeraPickViewController.xib */,
				BF8F586B15147F4A00E65690 /* CycleViewController.h */,
				BF8F586C15147F4A00E65690 /* CycleViewController.m */,
				BF8F586D15147F4B00E65690 /* CycleViewController.xib */,
			);
			name = Popover;
			sourceTree = "<group>";
		};
		BF8F585315147A2400E65690 /* TapkuLibrary */ = {
			isa = PBXGroup;
			children = (
				BF8F585415147A2400E65690 /* NSDate+TKCategory.h */,
				BF8F585515147A2400E65690 /* NSDate+TKCategory.m */,
				BF8F585615147A2400E65690 /* TapkuLibrary.bundle */,
				BF8F585715147A2400E65690 /* TKCalendarMonthTableViewController.h */,
				BF8F585815147A2400E65690 /* TKCalendarMonthTableViewController.m */,
				BF8F585915147A2400E65690 /* TKCalendarMonthView.h */,
				BF8F585A15147A2400E65690 /* TKCalendarMonthView.m */,
				BF8F585B15147A2400E65690 /* TKCalendarMonthViewController.h */,
				BF8F585C15147A2400E65690 /* TKCalendarMonthViewController.m */,
				BF8F585D15147A2400E65690 /* TKGlobal.h */,
				BF8F585E15147A2400E65690 /* TKGlobal.m */,
				BF8F585F15147A2400E65690 /* UIImage+TKCategory.h */,
				BF8F586015147A2400E65690 /* UIImage+TKCategory.m */,
				BF8F586115147A2400E65690 /* UIView+TKCategory.h */,
				BF8F586215147A2400E65690 /* UIView+TKCategory.m */,
			);
			path = TapkuLibrary;
			sourceTree = "<group>";
		};
		BFFFE5DB15108D3600DDB6E7 = {
			isa = PBXGroup;
			children = (
				BF8F585315147A2400E65690 /* TapkuLibrary */,
				BFFFE5F015108D3600DDB6E7 /* IPVA */,
				BFFFE5E915108D3600DDB6E7 /* Frameworks */,
				BFFFE5E715108D3600DDB6E7 /* Products */,
			);
			sourceTree = "<group>";
		};
		BFFFE5E715108D3600DDB6E7 /* Products */ = {
			isa = PBXGroup;
			children = (
				BFFFE5E615108D3600DDB6E7 /* IPVA.app */,
			);
			name = Products;
			sourceTree = "<group>";
		};
		BFFFE5E915108D3600DDB6E7 /* Frameworks */ = {
			isa = PBXGroup;
			children = (
				BF8F565515146E7200E65690 /* QuartzCore.framework */,
				BFFFE5EA15108D3600DDB6E7 /* UIKit.framework */,
				BFFFE5EC15108D3600DDB6E7 /* Foundation.framework */,
				BFFFE5EE15108D3600DDB6E7 /* CoreGraphics.framework */,
			);
			name = Frameworks;
			sourceTree = "<group>";
		};
		BFFFE5F015108D3600DDB6E7 /* IPVA */ = {
			isa = PBXGroup;
			children = (
				BFFFE5F915108D3600DDB6E7 /* AppDelegate.h */,
				BFFFE5FA15108D3600DDB6E7 /* AppDelegate.m */,
				BFFFE61515108FF100DDB6E7 /* LoginViewController.h */,
				BFFFE61615108FF100DDB6E7 /* LoginViewController.m */,
				BFFFE61715108FF200DDB6E7 /* LoginViewController.xib */,
				BF8F559E15146D7D00E65690 /* Popover */,
				BF8F554F15146C8C00E65690 /* MainView */,
				BFFFE5F115108D3600DDB6E7 /* Supporting Files */,
			);
			path = IPVA;
			sourceTree = "<group>";
		};
		BFFFE5F115108D3600DDB6E7 /* Supporting Files */ = {
			isa = PBXGroup;
			children = (
				BFFFE5F215108D3600DDB6E7 /* IPVA-Info.plist */,
				BFFFE5F315108D3600DDB6E7 /* InfoPlist.strings */,
				BFFFE5F615108D3600DDB6E7 /* main.m */,
				BFFFE5F815108D3600DDB6E7 /* IPVA-Prefix.pch */,
				BFD43798151096FC00277D21 /* mainWindow.xib */,
			);
			name = "Supporting Files";
			sourceTree = "<group>";
		};
/* End PBXGroup section */

/* Begin PBXNativeTarget section */
		BFFFE5E515108D3600DDB6E7 /* IPVA */ = {
			isa = PBXNativeTarget;
			buildConfigurationList = BFFFE61215108D3600DDB6E7 /* Build configuration list for PBXNativeTarget "IPVA" */;
			buildPhases = (
				BFFFE5E215108D3600DDB6E7 /* Sources */,
				BFFFE5E315108D3600DDB6E7 /* Frameworks */,
				BFFFE5E415108D3600DDB6E7 /* Resources */,
			);
			buildRules = (
			);
			dependencies = (
			);
			name = IPVA;
			productName = IPVA;
			productReference = BFFFE5E615108D3600DDB6E7 /* IPVA.app */;
			productType = "com.apple.product-type.application";
		};
/* End PBXNativeTarget section */

/* Begin PBXProject section */
		BFFFE5DD15108D3600DDB6E7 /* Project object */ = {
			isa = PBXProject;
			attributes = {
				LastUpgradeCheck = 0430;
			};
			buildConfigurationList = BFFFE5E015108D3600DDB6E7 /* Build configuration list for PBXProject "IPVA" */;
			compatibilityVersion = "Xcode 3.2";
			developmentRegion = English;
			hasScannedForEncodings = 0;
			knownRegions = (
				en,
			);
			mainGroup = BFFFE5DB15108D3600DDB6E7;
			productRefGroup = BFFFE5E715108D3600DDB6E7 /* Products */;
			projectDirPath = "";
			projectRoot = "";
			targets = (
				BFFFE5E515108D3600DDB6E7 /* IPVA */,
			);
		};
/* End PBXProject section */

/* Begin PBXResourcesBuildPhase section */
		BFFFE5E415108D3600DDB6E7 /* Resources */ = {
			isa = PBXResourcesBuildPhase;
			buildActionMask = 2147483647;
			files = (
				BFFFE5F515108D3600DDB6E7 /* InfoPlist.strings in Resources */,
				BFFFE61915108FF200DDB6E7 /* LoginViewController.xib in Resources */,
				BFFFE6501510938B00DDB6E7 /* FirstViewController.xib in Resources */,
				BFFFE655151093C900DDB6E7 /* TrendViewController.xib in Resources */,
				BFFFE65A1510955500DDB6E7 /* CategoryViewController.xib in Resources */,
				BFFFE65F1510957F00DDB6E7 /* CompareViewController.xib in Resources */,
				BFFFE664151095AE00DDB6E7 /* BrandViewController.xib in Resources */,
				BFFFE669151095CA00DDB6E7 /* StoreViewController.xib in Resources */,
				BFD43799151096FC00277D21 /* mainWindow.xib in Resources */,
				BFF032C91510CB980079BB8E /* AeraPickViewController.xib in Resources */,
				BF8F559D15146D6C00E65690 /* DatePickViewController.xib in Resources */,
				BF8F586415147A2400E65690 /* TapkuLibrary.bundle in Resources */,
				BF8F586F15147F4B00E65690 /* CycleViewController.xib in Resources */,
			);
			runOnlyForDeploymentPostprocessing = 0;
		};
/* End PBXResourcesBuildPhase section */

/* Begin PBXSourcesBuildPhase section */
		BFFFE5E215108D3600DDB6E7 /* Sources */ = {
			isa = PBXSourcesBuildPhase;
			buildActionMask = 2147483647;
			files = (
				BFFFE5F715108D3600DDB6E7 /* main.m in Sources */,
				BFFFE5FB15108D3600DDB6E7 /* AppDelegate.m in Sources */,
				BFFFE61815108FF200DDB6E7 /* LoginViewController.m in Sources */,
				BFFFE64F1510938B00DDB6E7 /* FirstViewController.m in Sources */,
				BFFFE654151093C900DDB6E7 /* TrendViewController.m in Sources */,
				BFFFE6591510955500DDB6E7 /* CategoryViewController.m in Sources */,
				BFFFE65E1510957F00DDB6E7 /* CompareViewController.m in Sources */,
				BFFFE663151095AE00DDB6E7 /* BrandViewController.m in Sources */,
				BFFFE668151095CA00DDB6E7 /* StoreViewController.m in Sources */,
				BFF032C81510CB980079BB8E /* AeraPickViewController.m in Sources */,
				BF8F559C15146D6C00E65690 /* DatePickViewController.m in Sources */,
				BF8F586315147A2400E65690 /* NSDate+TKCategory.m in Sources */,
				BF8F586515147A2400E65690 /* TKCalendarMonthTableViewController.m in Sources */,
				BF8F586615147A2400E65690 /* TKCalendarMonthView.m in Sources */,
				BF8F586715147A2400E65690 /* TKCalendarMonthViewController.m in Sources */,
				BF8F586815147A2400E65690 /* TKGlobal.m in Sources */,
				BF8F586915147A2400E65690 /* UIImage+TKCategory.m in Sources */,
				BF8F586A15147A2400E65690 /* UIView+TKCategory.m in Sources */,
				BF8F586E15147F4B00E65690 /* CycleViewController.m in Sources */,
			);
			runOnlyForDeploymentPostprocessing = 0;
		};
/* End PBXSourcesBuildPhase section */

/* Begin PBXVariantGroup section */
		BFFFE5F315108D3600DDB6E7 /* InfoPlist.strings */ = {
			isa = PBXVariantGroup;
			children = (
				BFFFE5F415108D3600DDB6E7 /* en */,
			);
			name = InfoPlist.strings;
			sourceTree = "<group>";
		};
/* End PBXVariantGroup section */

/* Begin XCBuildConfiguration section */
		BFFFE61015108D3600DDB6E7 /* Debug */ = {
			isa = XCBuildConfiguration;
			buildSettings = {
				ALWAYS_SEARCH_USER_PATHS = NO;
				ARCHS = "$(ARCHS_STANDARD_32_BIT)";
				"CODE_SIGN_IDENTITY[sdk=iphoneos*]" = "iPhone Developer";
				COPY_PHASE_STRIP = NO;
				GCC_C_LANGUAGE_STANDARD = gnu99;
				GCC_DYNAMIC_NO_PIC = NO;
				GCC_OPTIMIZATION_LEVEL = 0;
				GCC_PREPROCESSOR_DEFINITIONS = (
					"DEBUG=1",
					"$(inherited)",
				);
				GCC_SYMBOLS_PRIVATE_EXTERN = NO;
				GCC_VERSION = com.apple.compilers.llvm.clang.1_0;
				GCC_WARN_ABOUT_RETURN_TYPE = YES;
				GCC_WARN_UNINITIALIZED_AUTOS = YES;
				GCC_WARN_UNUSED_VARIABLE = YES;
				IPHONEOS_DEPLOYMENT_TARGET = 5.1;
				SDKROOT = iphoneos;
				TARGETED_DEVICE_FAMILY = 2;
			};
			name = Debug;
		};
		BFFFE61115108D3600DDB6E7 /* Release */ = {
			isa = XCBuildConfiguration;
			buildSettings = {
				ALWAYS_SEARCH_USER_PATHS = NO;
				ARCHS = "$(ARCHS_STANDARD_32_BIT)";
				"CODE_SIGN_IDENTITY[sdk=iphoneos*]" = "iPhone Developer";
				COPY_PHASE_STRIP = YES;
				GCC_C_LANGUAGE_STANDARD = gnu99;
				GCC_VERSION = com.apple.compilers.llvm.clang.1_0;
				GCC_WARN_ABOUT_RETURN_TYPE = YES;
				GCC_WARN_UNINITIALIZED_AUTOS = YES;
				GCC_WARN_UNUSED_VARIABLE = YES;
				IPHONEOS_DEPLOYMENT_TARGET = 5.1;
				OTHER_CFLAGS = "-DNS_BLOCK_ASSERTIONS=1";
				SDKROOT = iphoneos;
				TARGETED_DEVICE_FAMILY = 2;
				VALIDATE_PRODUCT = YES;
			};
			name = Release;
		};
		BFFFE61315108D3600DDB6E7 /* Debug */ = {
			isa = XCBuildConfiguration;
			buildSettings = {
				GCC_PRECOMPILE_PREFIX_HEADER = YES;
				GCC_PREFIX_HEADER = "IPVA/IPVA-Prefix.pch";
				HEADER_SEARCH_PATHS = "";
				INFOPLIST_FILE = "IPVA/IPVA-Info.plist";
				IPHONEOS_DEPLOYMENT_TARGET = 4.3;
				LIBRARY_SEARCH_PATHS = "";
				OTHER_LDFLAGS = "";
				PRODUCT_NAME = "$(TARGET_NAME)";
				WRAPPER_EXTENSION = app;
			};
			name = Debug;
		};
		BFFFE61415108D3600DDB6E7 /* Release */ = {
			isa = XCBuildConfiguration;
			buildSettings = {
				GCC_PRECOMPILE_PREFIX_HEADER = YES;
				GCC_PREFIX_HEADER = "IPVA/IPVA-Prefix.pch";
				HEADER_SEARCH_PATHS = "";
				INFOPLIST_FILE = "IPVA/IPVA-Info.plist";
				IPHONEOS_DEPLOYMENT_TARGET = 4.3;
				LIBRARY_SEARCH_PATHS = "";
				OTHER_LDFLAGS = "";
				PRODUCT_NAME = "$(TARGET_NAME)";
				WRAPPER_EXTENSION = app;
			};
			name = Release;
		};
/* End XCBuildConfiguration section */

/* Begin XCConfigurationList section */
		BFFFE5E015108D3600DDB6E7 /* Build configuration list for PBXProject "IPVA" */ = {
			isa = XCConfigurationList;
			buildConfigurations = (
				BFFFE61015108D3600DDB6E7 /* Debug */,
				BFFFE61115108D3600DDB6E7 /* Release */,
			);
			defaultConfigurationIsVisible = 0;
			defaultConfigurationName = Release;
		};
		BFFFE61215108D3600DDB6E7 /* Build configuration list for PBXNativeTarget "IPVA" */ = {
			isa = XCConfigurationList;
			buildConfigurations = (
				BFFFE61315108D3600DDB6E7 /* Debug */,
				BFFFE61415108D3600DDB6E7 /* Release */,
			);
			defaultConfigurationIsVisible = 0;
			defaultConfigurationName = Release;
		};
/* End XCConfigurationList section */
	};
	rootObject = BFFFE5DD15108D3600DDB6E7 /* Project object */;
}
